// !$*UTF8*$!
{
	archiveVersion = 1;
	classes = {
	};
	objectVersion = 46;
	objects = {

/* Begin PBXBuildFile section */
		C41BE9A613F87E7C009083D4 /* NSTimer+Extensions.h in Headers */ = {isa = PBXBuildFile; fileRef = C41BE9A413F87E7C009083D4 /* NSTimer+Extensions.h */; };
		C41BE9A713F87E7C009083D4 /* NSTimer+Extensions.m in Sources */ = {isa = PBXBuildFile; fileRef = C41BE9A513F87E7C009083D4 /* NSTimer+Extensions.m */; };
		C42AC216143265C1002737E6 /* NSPredicate+extensions.h in Headers */ = {isa = PBXBuildFile; fileRef = C42AC214143265C1002737E6 /* NSPredicate+extensions.h */; };
		C42AC217143265C1002737E6 /* NSPredicate+extensions.m in Sources */ = {isa = PBXBuildFile; fileRef = C42AC215143265C1002737E6 /* NSPredicate+extensions.m */; };
		C42AC218143265C1002737E6 /* NSPredicate+extensions.m in Sources */ = {isa = PBXBuildFile; fileRef = C42AC215143265C1002737E6 /* NSPredicate+extensions.m */; };
		C4474C5E1349A2060097BB67 /* Foundation.framework in Frameworks */ = {isa = PBXBuildFile; fileRef = C4474C5D1349A2060097BB67 /* Foundation.framework */; };
		C4474C691349A2070097BB67 /* UIKit.framework in Frameworks */ = {isa = PBXBuildFile; fileRef = C4474C681349A2070097BB67 /* UIKit.framework */; };
		C4474C6A1349A2070097BB67 /* Foundation.framework in Frameworks */ = {isa = PBXBuildFile; fileRef = C4474C5D1349A2060097BB67 /* Foundation.framework */; };
		C4474C6C1349A2070097BB67 /* CoreGraphics.framework in Frameworks */ = {isa = PBXBuildFile; fileRef = C4474C6B1349A2070097BB67 /* CoreGraphics.framework */; };
		C4474C6F1349A2070097BB67 /* libFJCode.a in Frameworks */ = {isa = PBXBuildFile; fileRef = C4474C5A1349A2060097BB67 /* libFJCode.a */; };
		C4474C751349A2070097BB67 /* InfoPlist.strings in Resources */ = {isa = PBXBuildFile; fileRef = C4474C731349A2070097BB67 /* InfoPlist.strings */; };
		C4474C781349A2070097BB67 /* FJCodeTests.h in Resources */ = {isa = PBXBuildFile; fileRef = C4474C771349A2070097BB67 /* FJCodeTests.h */; };
		C4474C7A1349A2070097BB67 /* FJCodeTests.m in Sources */ = {isa = PBXBuildFile; fileRef = C4474C791349A2070097BB67 /* FJCodeTests.m */; };
		C447718F1349A25F0097BB67 /* FJSCode.h in Headers */ = {isa = PBXBuildFile; fileRef = C4474C831349A2550097BB67 /* FJSCode.h */; settings = {ATTRIBUTES = (Public, ); }; };
		C44771921349A25F0097BB67 /* SynthesizeSingleton.h in Headers */ = {isa = PBXBuildFile; fileRef = C4474C861349A2550097BB67 /* SynthesizeSingleton.h */; settings = {ATTRIBUTES = (Public, ); }; };
		C4478A731349A2DC0097BB67 /* MacroUtilities.h in Headers */ = {isa = PBXBuildFile; fileRef = C4478A721349A2DC0097BB67 /* MacroUtilities.h */; settings = {ATTRIBUTES = (Public, ); }; };
		C4478A8B1349A2F40097BB67 /* FJFoundationExtensions.h in Headers */ = {isa = PBXBuildFile; fileRef = C4478A741349A2F00097BB67 /* FJFoundationExtensions.h */; settings = {ATTRIBUTES = (Public, ); }; };
		C4478A8C1349A2F40097BB67 /* NSData+Base64.h in Headers */ = {isa = PBXBuildFile; fileRef = C4478A751349A2F00097BB67 /* NSData+Base64.h */; settings = {ATTRIBUTES = (Public, ); }; };
		C4478A8D1349A2F40097BB67 /* NSData+Base64.m in Sources */ = {isa = PBXBuildFile; fileRef = C4478A761349A2F00097BB67 /* NSData+Base64.m */; };
		C4478A8E1349A2F40097BB67 /* NSObject+Proxy.h in Headers */ = {isa = PBXBuildFile; fileRef = C4478A771349A2F00097BB67 /* NSObject+Proxy.h */; settings = {ATTRIBUTES = (Public, ); }; };
		C4478A8F1349A2F40097BB67 /* NSObject+Proxy.m in Sources */ = {isa = PBXBuildFile; fileRef = C4478A781349A2F00097BB67 /* NSObject+Proxy.m */; };
		C4478A901349A2F40097BB67 /* NSObjectHelper.h in Headers */ = {isa = PBXBuildFile; fileRef = C4478A791349A2F10097BB67 /* NSObjectHelper.h */; settings = {ATTRIBUTES = (Public, ); }; };
		C4478A911349A2F40097BB67 /* NSObjectHelper.m in Sources */ = {isa = PBXBuildFile; fileRef = C4478A7A1349A2F10097BB67 /* NSObjectHelper.m */; };
		C4478A921349A2F40097BB67 /* NSString+extensions.h in Headers */ = {isa = PBXBuildFile; fileRef = C4478A7B1349A2F10097BB67 /* NSString+extensions.h */; settings = {ATTRIBUTES = (Public, ); }; };
		C4478A931349A2F40097BB67 /* NSString+extensions.m in Sources */ = {isa = PBXBuildFile; fileRef = C4478A7C1349A2F10097BB67 /* NSString+extensions.m */; };
		C4478A941349A2F40097BB67 /* NSDictionaryHelper.h in Headers */ = {isa = PBXBuildFile; fileRef = C4478A7D1349A2F10097BB67 /* NSDictionaryHelper.h */; settings = {ATTRIBUTES = (Public, ); }; };
		C4478A951349A2F40097BB67 /* NSDictionaryHelper.m in Sources */ = {isa = PBXBuildFile; fileRef = C4478A7E1349A2F10097BB67 /* NSDictionaryHelper.m */; };
		C4478A961349A2F40097BB67 /* NSArrayHelper.h in Headers */ = {isa = PBXBuildFile; fileRef = C4478A7F1349A2F20097BB67 /* NSArrayHelper.h */; settings = {ATTRIBUTES = (Public, ); }; };
		C4478A971349A2F40097BB67 /* NSArrayHelper.m in Sources */ = {isa = PBXBuildFile; fileRef = C4478A801349A2F20097BB67 /* NSArrayHelper.m */; };
		C4478A981349A2F40097BB67 /* NSSet+blocks.h in Headers */ = {isa = PBXBuildFile; fileRef = C4478A811349A2F20097BB67 /* NSSet+blocks.h */; settings = {ATTRIBUTES = (Public, ); }; };
		C4478A991349A2F40097BB67 /* NSSet+blocks.m in Sources */ = {isa = PBXBuildFile; fileRef = C4478A821349A2F20097BB67 /* NSSet+blocks.m */; };
		C4478A9A1349A2F40097BB67 /* NSArray+blocks.h in Headers */ = {isa = PBXBuildFile; fileRef = C4478A831349A2F20097BB67 /* NSArray+blocks.h */; settings = {ATTRIBUTES = (Public, ); }; };
		C4478A9B1349A2F40097BB67 /* NSArray+blocks.m in Sources */ = {isa = PBXBuildFile; fileRef = C4478A841349A2F30097BB67 /* NSArray+blocks.m */; };
		C4478A9C1349A2F40097BB67 /* NSURL+Extensions.h in Headers */ = {isa = PBXBuildFile; fileRef = C4478A851349A2F30097BB67 /* NSURL+Extensions.h */; settings = {ATTRIBUTES = (Public, ); }; };
		C4478A9D1349A2F40097BB67 /* NSURL+Extensions.m in Sources */ = {isa = PBXBuildFile; fileRef = C4478A861349A2F30097BB67 /* NSURL+Extensions.m */; };
		C4478A9E1349A2F40097BB67 /* NSDate+Helper.h in Headers */ = {isa = PBXBuildFile; fileRef = C4478A871349A2F30097BB67 /* NSDate+Helper.h */; settings = {ATTRIBUTES = (Public, ); }; };
		C4478A9F1349A2F40097BB67 /* NSDate+Helper.m in Sources */ = {isa = PBXBuildFile; fileRef = C4478A881349A2F40097BB67 /* NSDate+Helper.m */; };
		C4478AA01349A2F40097BB67 /* NSOperationQueue+Shared.h in Headers */ = {isa = PBXBuildFile; fileRef = C4478A891349A2F40097BB67 /* NSOperationQueue+Shared.h */; settings = {ATTRIBUTES = (Public, ); }; };
		C4478AA11349A2F40097BB67 /* NSOperationQueue+Shared.m in Sources */ = {isa = PBXBuildFile; fileRef = C4478A8A1349A2F40097BB67 /* NSOperationQueue+Shared.m */; };
		C4478AAE1349A33B0097BB67 /* FJCoreDataExtensions.h in Headers */ = {isa = PBXBuildFile; fileRef = C4478AA51349A3390097BB67 /* FJCoreDataExtensions.h */; settings = {ATTRIBUTES = (Public, ); }; };
		C4478AB11349A33B0097BB67 /* NSManagedObjectContext+Convenience.h in Headers */ = {isa = PBXBuildFile; fileRef = C4478AA81349A33A0097BB67 /* NSManagedObjectContext+Convenience.h */; settings = {ATTRIBUTES = (Public, ); }; };
		C4478AB21349A33B0097BB67 /* NSManagedObjectContext+Convenience.m in Sources */ = {isa = PBXBuildFile; fileRef = C4478AA91349A33A0097BB67 /* NSManagedObjectContext+Convenience.m */; };
		C4478AB31349A33B0097BB67 /* NSManagedObject+Extensions.h in Headers */ = {isa = PBXBuildFile; fileRef = C4478AAA1349A33A0097BB67 /* NSManagedObject+Extensions.h */; settings = {ATTRIBUTES = (Public, ); }; };
		C4478AB41349A33B0097BB67 /* NSManagedObject+Extensions.m in Sources */ = {isa = PBXBuildFile; fileRef = C4478AAB1349A33B0097BB67 /* NSManagedObject+Extensions.m */; };
		C4478ABD1349A3450097BB67 /* DDCoreData.h in Headers */ = {isa = PBXBuildFile; fileRef = C4478AB51349A3440097BB67 /* DDCoreData.h */; settings = {ATTRIBUTES = (Public, ); }; };
		C4478ABE1349A3450097BB67 /* DDCoreDataException.h in Headers */ = {isa = PBXBuildFile; fileRef = C4478AB61349A3440097BB67 /* DDCoreDataException.h */; settings = {ATTRIBUTES = (Public, ); }; };
		C4478ABF1349A3450097BB67 /* DDCoreDataException.m in Sources */ = {isa = PBXBuildFile; fileRef = C4478AB71349A3440097BB67 /* DDCoreDataException.m */; };
		C4478AC01349A3450097BB67 /* DDCoreDataHelper.h in Headers */ = {isa = PBXBuildFile; fileRef = C4478AB81349A3440097BB67 /* DDCoreDataHelper.h */; settings = {ATTRIBUTES = (Public, ); }; };
		C4478AC11349A3450097BB67 /* DDCoreDataHelper.m in Sources */ = {isa = PBXBuildFile; fileRef = C4478AB91349A3450097BB67 /* DDCoreDataHelper.m */; };
		C4478AC21349A3450097BB67 /* DDCoreDataProvider.h in Headers */ = {isa = PBXBuildFile; fileRef = C4478ABA1349A3450097BB67 /* DDCoreDataProvider.h */; settings = {ATTRIBUTES = (Public, ); }; };
		C4478AC31349A3450097BB67 /* DDCoreDataStack.h in Headers */ = {isa = PBXBuildFile; fileRef = C4478ABB1349A3450097BB67 /* DDCoreDataStack.h */; settings = {ATTRIBUTES = (Public, ); }; };
		C4478AC41349A3450097BB67 /* DDCoreDataStack.m in Sources */ = {isa = PBXBuildFile; fileRef = C4478ABC1349A3450097BB67 /* DDCoreDataStack.m */; };
		C44F1BCF1378EC46008BF6ED /* CoreFoundation.framework in Frameworks */ = {isa = PBXBuildFile; fileRef = C4A1E06D134A5BF500E01A2B /* CoreFoundation.framework */; };
		C44F1BD51378EC47008BF6ED /* InfoPlist.strings in Resources */ = {isa = PBXBuildFile; fileRef = C44F1BD31378EC47008BF6ED /* InfoPlist.strings */; };
		C44F1BDD1378EC5E008BF6ED /* 11-x.png in Resources */ = {isa = PBXBuildFile; fileRef = C4A1DFC0134A4BF400E01A2B /* 11-x.png */; };
		C44F1BDE1378EC5E008BF6ED /* 19-check.png in Resources */ = {isa = PBXBuildFile; fileRef = C4A1DFC1134A4BF400E01A2B /* 19-check.png */; };
		C44F1BDF1378EC61008BF6ED /* pop.wav in Resources */ = {isa = PBXBuildFile; fileRef = C4A1DFD6134A4C0200E01A2B /* pop.wav */; };
		C483EE5C1349B0A8004D164C /* UIView-Extensions.m in Sources */ = {isa = PBXBuildFile; fileRef = C483EE4A1349B0A2004D164C /* UIView-Extensions.m */; };
		C483EE5D1349B0A8004D164C /* UIView-Extensions.h in Headers */ = {isa = PBXBuildFile; fileRef = C483EE4B1349B0A2004D164C /* UIView-Extensions.h */; settings = {ATTRIBUTES = (Public, ); }; };
		C483EE5E1349B0A8004D164C /* UITableViewControllerHelper.m in Sources */ = {isa = PBXBuildFile; fileRef = C483EE4C1349B0A2004D164C /* UITableViewControllerHelper.m */; };
		C483EE5F1349B0A8004D164C /* UITableViewControllerHelper.h in Headers */ = {isa = PBXBuildFile; fileRef = C483EE4D1349B0A3004D164C /* UITableViewControllerHelper.h */; settings = {ATTRIBUTES = (Public, ); }; };
		C483EE601349B0A8004D164C /* UIImageHelper.m in Sources */ = {isa = PBXBuildFile; fileRef = C483EE4E1349B0A3004D164C /* UIImageHelper.m */; };
		C483EE611349B0A8004D164C /* UIImageHelper.h in Headers */ = {isa = PBXBuildFile; fileRef = C483EE4F1349B0A3004D164C /* UIImageHelper.h */; settings = {ATTRIBUTES = (Public, ); }; };
		C483EE621349B0A8004D164C /* UIColor+extensions.m in Sources */ = {isa = PBXBuildFile; fileRef = C483EE501349B0A3004D164C /* UIColor+extensions.m */; };
		C483EE631349B0A8004D164C /* UIColor+extensions.h in Headers */ = {isa = PBXBuildFile; fileRef = C483EE511349B0A3004D164C /* UIColor+extensions.h */; settings = {ATTRIBUTES = (Public, ); }; };
		C483EE641349B0A8004D164C /* UIBarButtonItem+extensions.m in Sources */ = {isa = PBXBuildFile; fileRef = C483EE521349B0A4004D164C /* UIBarButtonItem+extensions.m */; };
		C483EE651349B0A8004D164C /* UIBarButtonItem+extensions.h in Headers */ = {isa = PBXBuildFile; fileRef = C483EE531349B0A4004D164C /* UIBarButtonItem+extensions.h */; settings = {ATTRIBUTES = (Public, ); }; };
		C483EE661349B0A8004D164C /* UIAlertViewHelper.m in Sources */ = {isa = PBXBuildFile; fileRef = C483EE541349B0A4004D164C /* UIAlertViewHelper.m */; };
		C483EE671349B0A8004D164C /* UIAlertViewHelper.h in Headers */ = {isa = PBXBuildFile; fileRef = C483EE551349B0A5004D164C /* UIAlertViewHelper.h */; settings = {ATTRIBUTES = (Public, ); }; };
		C483EE681349B0A8004D164C /* NSArray+TableView.m in Sources */ = {isa = PBXBuildFile; fileRef = C483EE561349B0A5004D164C /* NSArray+TableView.m */; };
		C483EE691349B0A8004D164C /* NSArray+TableView.h in Headers */ = {isa = PBXBuildFile; fileRef = C483EE571349B0A6004D164C /* NSArray+TableView.h */; settings = {ATTRIBUTES = (Public, ); }; };
		C483EE6C1349B0A8004D164C /* BlueBadge.m in Sources */ = {isa = PBXBuildFile; fileRef = C483EE5A1349B0A7004D164C /* BlueBadge.m */; };
		C483EE6D1349B0A8004D164C /* BlueBadge.h in Headers */ = {isa = PBXBuildFile; fileRef = C483EE5B1349B0A8004D164C /* BlueBadge.h */; settings = {ATTRIBUTES = (Public, ); }; };
		C483EE701349B0DD004D164C /* FJUIKitExtensions.h in Headers */ = {isa = PBXBuildFile; fileRef = C483EE6F1349B0DD004D164C /* FJUIKitExtensions.h */; settings = {ATTRIBUTES = (Public, ); }; };
		C483EE741349B13B004D164C /* L0ExternalURLOpeningDetection.m in Sources */ = {isa = PBXBuildFile; fileRef = C483EE721349B134004D164C /* L0ExternalURLOpeningDetection.m */; };
		C483EE751349B13B004D164C /* L0ExternalURLOpeningDetection.h in Headers */ = {isa = PBXBuildFile; fileRef = C483EE731349B136004D164C /* L0ExternalURLOpeningDetection.h */; settings = {ATTRIBUTES = (Public, ); }; };
		C483EE781349B232004D164C /* UIImage+Disk.h in Headers */ = {isa = PBXBuildFile; fileRef = C483EE761349B22E004D164C /* UIImage+Disk.h */; settings = {ATTRIBUTES = (Public, ); }; };
		C483EE791349B232004D164C /* UIImage+Disk.m in Sources */ = {isa = PBXBuildFile; fileRef = C483EE771349B22F004D164C /* UIImage+Disk.m */; };
		C483EE801349B2F1004D164C /* Reachability.h in Headers */ = {isa = PBXBuildFile; fileRef = C483EE7B1349B2CE004D164C /* Reachability.h */; settings = {ATTRIBUTES = (Public, ); }; };
		C483EE811349B2F1004D164C /* Reachability.m in Sources */ = {isa = PBXBuildFile; fileRef = C483EE7C1349B2D3004D164C /* Reachability.m */; };
		C483EE821349B2F1004D164C /* NSError+FJNetwork.h in Headers */ = {isa = PBXBuildFile; fileRef = C483EE7D1349B2DA004D164C /* NSError+FJNetwork.h */; settings = {ATTRIBUTES = (Public, ); }; };
		C483EE831349B2F1004D164C /* NSError+FJNetwork.m in Sources */ = {isa = PBXBuildFile; fileRef = C483EE7E1349B2E4004D164C /* NSError+FJNetwork.m */; };
		C483EE861349B30A004D164C /* SFHFKeychainUtils.h in Headers */ = {isa = PBXBuildFile; fileRef = C483EE841349B302004D164C /* SFHFKeychainUtils.h */; settings = {ATTRIBUTES = (Public, ); }; };
		C483EE871349B30A004D164C /* SFHFKeychainUtils.m in Sources */ = {isa = PBXBuildFile; fileRef = C483EE851349B304004D164C /* SFHFKeychainUtils.m */; };
		C483EE8A1349B330004D164C /* ACActivityIndicatorQueue.h in Headers */ = {isa = PBXBuildFile; fileRef = C483EE881349B32A004D164C /* ACActivityIndicatorQueue.h */; settings = {ATTRIBUTES = (Public, ); }; };
		C483EE8B1349B330004D164C /* ACActivityIndicatorQueue.m in Sources */ = {isa = PBXBuildFile; fileRef = C483EE891349B32C004D164C /* ACActivityIndicatorQueue.m */; };
		C483EE8E1349B364004D164C /* FJLocationController.h in Headers */ = {isa = PBXBuildFile; fileRef = C483EE8C1349B35D004D164C /* FJLocationController.h */; settings = {ATTRIBUTES = (Public, ); }; };
		C483EE8F1349B364004D164C /* FJLocationController.m in Sources */ = {isa = PBXBuildFile; fileRef = C483EE8D1349B35F004D164C /* FJLocationController.m */; };
		C483EE921349B39C004D164C /* MapViewController.h in Headers */ = {isa = PBXBuildFile; fileRef = C483EE901349B395004D164C /* MapViewController.h */; settings = {ATTRIBUTES = (Public, ); }; };
		C483EE931349B39C004D164C /* MapViewController.m in Sources */ = {isa = PBXBuildFile; fileRef = C483EE911349B398004D164C /* MapViewController.m */; };
		C483EE981349B3DB004D164C /* LambdaAlert.h in Headers */ = {isa = PBXBuildFile; fileRef = C483EE941349B3B8004D164C /* LambdaAlert.h */; settings = {ATTRIBUTES = (Public, ); }; };
		C483EE991349B3DB004D164C /* LambdaAlert.m in Sources */ = {isa = PBXBuildFile; fileRef = C483EE951349B3BB004D164C /* LambdaAlert.m */; };
		C483EE9A1349B3DB004D164C /* LambdaSheet.h in Headers */ = {isa = PBXBuildFile; fileRef = C483EE961349B3C1004D164C /* LambdaSheet.h */; settings = {ATTRIBUTES = (Public, ); }; };
		C483EE9B1349B3DB004D164C /* LambdaSheet.m in Sources */ = {isa = PBXBuildFile; fileRef = C483EE971349B3CC004D164C /* LambdaSheet.m */; };
		C483EEA01349B435004D164C /* CKVOBlockNotificationHelper.h in Headers */ = {isa = PBXBuildFile; fileRef = C483EE9C1349B416004D164C /* CKVOBlockNotificationHelper.h */; settings = {ATTRIBUTES = (Public, ); }; };
		C483EEA11349B435004D164C /* CKVOBlockNotificationHelper.m in Sources */ = {isa = PBXBuildFile; fileRef = C483EE9D1349B419004D164C /* CKVOBlockNotificationHelper.m */; };
		C483EEA21349B435004D164C /* NSObject_KVOBlockNotificationExtensions.h in Headers */ = {isa = PBXBuildFile; fileRef = C483EE9E1349B41F004D164C /* NSObject_KVOBlockNotificationExtensions.h */; settings = {ATTRIBUTES = (Public, ); }; };
		C483EEA31349B435004D164C /* NSObject_KVOBlockNotificationExtensions.m in Sources */ = {isa = PBXBuildFile; fileRef = C483EE9F1349B427004D164C /* NSObject_KVOBlockNotificationExtensions.m */; };
		C4A1DFD8134A4C0500E01A2B /* ATMHud.h in Headers */ = {isa = PBXBuildFile; fileRef = C4A1DFC3134A4BF400E01A2B /* ATMHud.h */; settings = {ATTRIBUTES = (Public, ); }; };
		C4A1DFD9134A4C0500E01A2B /* ATMHud.m in Sources */ = {isa = PBXBuildFile; fileRef = C4A1DFC4134A4BF400E01A2B /* ATMHud.m */; };
		C4A1DFDC134A4C0500E01A2B /* ATMHudQueueItem.h in Headers */ = {isa = PBXBuildFile; fileRef = C4A1DFC7134A4BF500E01A2B /* ATMHudQueueItem.h */; settings = {ATTRIBUTES = (Public, ); }; };
		C4A1DFDD134A4C0500E01A2B /* ATMHudQueueItem.m in Sources */ = {isa = PBXBuildFile; fileRef = C4A1DFC8134A4BF600E01A2B /* ATMHudQueueItem.m */; };
		C4A1DFDE134A4C0500E01A2B /* ATMHudView.h in Headers */ = {isa = PBXBuildFile; fileRef = C4A1DFC9134A4BF600E01A2B /* ATMHudView.h */; settings = {ATTRIBUTES = (Public, ); }; };
		C4A1DFDF134A4C0500E01A2B /* ATMHudView.m in Sources */ = {isa = PBXBuildFile; fileRef = C4A1DFCA134A4BF700E01A2B /* ATMHudView.m */; };
		C4A1DFE0134A4C0500E01A2B /* ATMProgressLayer.h in Headers */ = {isa = PBXBuildFile; fileRef = C4A1DFCB134A4BF700E01A2B /* ATMProgressLayer.h */; settings = {ATTRIBUTES = (Public, ); }; };
		C4A1DFE1134A4C0500E01A2B /* ATMProgressLayer.m in Sources */ = {isa = PBXBuildFile; fileRef = C4A1DFCC134A4BF800E01A2B /* ATMProgressLayer.m */; };
		C4A1DFE2134A4C0500E01A2B /* ATMSoundFX.h in Headers */ = {isa = PBXBuildFile; fileRef = C4A1DFCD134A4BF900E01A2B /* ATMSoundFX.h */; settings = {ATTRIBUTES = (Public, ); }; };
		C4A1DFE3134A4C0500E01A2B /* ATMSoundFX.m in Sources */ = {isa = PBXBuildFile; fileRef = C4A1DFCE134A4BFA00E01A2B /* ATMSoundFX.m */; };
		C4A1DFE4134A4C0500E01A2B /* ATMTextLayer.h in Headers */ = {isa = PBXBuildFile; fileRef = C4A1DFCF134A4BFA00E01A2B /* ATMTextLayer.h */; settings = {ATTRIBUTES = (Public, ); }; };
		C4A1DFE5134A4C0500E01A2B /* ATMTextLayer.m in Sources */ = {isa = PBXBuildFile; fileRef = C4A1DFD0134A4BFC00E01A2B /* ATMTextLayer.m */; };
		C4A1DFEE134A4C7800E01A2B /* CLLocation+DCTBetterDescription.h in Headers */ = {isa = PBXBuildFile; fileRef = C4A1DFE8134A4C7700E01A2B /* CLLocation+DCTBetterDescription.h */; settings = {ATTRIBUTES = (Public, ); }; };
		C4A1DFEF134A4C7800E01A2B /* CLLocation+DCTBetterDescription.m in Sources */ = {isa = PBXBuildFile; fileRef = C4A1DFE9134A4C7700E01A2B /* CLLocation+DCTBetterDescription.m */; };
		C4A1DFF0134A4C7800E01A2B /* NSObject+DCTBetterDescription.h in Headers */ = {isa = PBXBuildFile; fileRef = C4A1DFEA134A4C7700E01A2B /* NSObject+DCTBetterDescription.h */; settings = {ATTRIBUTES = (Public, ); }; };
		C4A1DFF1134A4C7800E01A2B /* NSObject+DCTBetterDescription.m in Sources */ = {isa = PBXBuildFile; fileRef = C4A1DFEB134A4C7700E01A2B /* NSObject+DCTBetterDescription.m */; };
		C4A1DFF2134A4C7800E01A2B /* UIFont+DCTBetterDescription.h in Headers */ = {isa = PBXBuildFile; fileRef = C4A1DFEC134A4C7800E01A2B /* UIFont+DCTBetterDescription.h */; settings = {ATTRIBUTES = (Public, ); }; };
		C4A1DFF3134A4C7800E01A2B /* UIFont+DCTBetterDescription.m in Sources */ = {isa = PBXBuildFile; fileRef = C4A1DFED134A4C7800E01A2B /* UIFont+DCTBetterDescription.m */; };
		C4A1DFF7134A4CA700E01A2B /* MKNumberBadgeView.h in Headers */ = {isa = PBXBuildFile; fileRef = C4A1DFF5134A4CA600E01A2B /* MKNumberBadgeView.h */; settings = {ATTRIBUTES = (Public, ); }; };
		C4A1DFF8134A4CA700E01A2B /* MKNumberBadgeView.m in Sources */ = {isa = PBXBuildFile; fileRef = C4A1DFF6134A4CA600E01A2B /* MKNumberBadgeView.m */; };
		C4A1DFFC134A4D0700E01A2B /* TITokenFieldView.h in Headers */ = {isa = PBXBuildFile; fileRef = C4A1DFFA134A4D0600E01A2B /* TITokenFieldView.h */; settings = {ATTRIBUTES = (Public, ); }; };
		C4A1DFFD134A4D0700E01A2B /* TITokenFieldView.m in Sources */ = {isa = PBXBuildFile; fileRef = C4A1DFFB134A4D0600E01A2B /* TITokenFieldView.m */; };
		C4A1E001134A4D3300E01A2B /* MBProgressHUD.h in Headers */ = {isa = PBXBuildFile; fileRef = C4A1DFFF134A4D3300E01A2B /* MBProgressHUD.h */; settings = {ATTRIBUTES = (Public, ); }; };
		C4A1E002134A4D3300E01A2B /* MBProgressHUD.m in Sources */ = {isa = PBXBuildFile; fileRef = C4A1E000134A4D3300E01A2B /* MBProgressHUD.m */; };
		C4A1E008134A4DA400E01A2B /* BrowserViewController.h in Headers */ = {isa = PBXBuildFile; fileRef = C4A1E006134A4DA400E01A2B /* BrowserViewController.h */; settings = {ATTRIBUTES = (Public, ); }; };
		C4A1E009134A4DA400E01A2B /* BrowserViewController.m in Sources */ = {isa = PBXBuildFile; fileRef = C4A1E007134A4DA400E01A2B /* BrowserViewController.m */; };
		C4A1E011134A4DE000E01A2B /* SoundEffect.h in Headers */ = {isa = PBXBuildFile; fileRef = C4A1E00B134A4DDF00E01A2B /* SoundEffect.h */; settings = {ATTRIBUTES = (Public, ); }; };
		C4A1E012134A4DE000E01A2B /* SoundEffect.m in Sources */ = {isa = PBXBuildFile; fileRef = C4A1E00C134A4DDF00E01A2B /* SoundEffect.m */; };
		C4A1E013134A4DE000E01A2B /* SCListener.h in Headers */ = {isa = PBXBuildFile; fileRef = C4A1E00D134A4DE000E01A2B /* SCListener.h */; settings = {ATTRIBUTES = (Public, ); }; };
		C4A1E014134A4DE000E01A2B /* SCListener.m in Sources */ = {isa = PBXBuildFile; fileRef = C4A1E00E134A4DE000E01A2B /* SCListener.m */; };
		C4A1E015134A4DE000E01A2B /* ListenerController.h in Headers */ = {isa = PBXBuildFile; fileRef = C4A1E00F134A4DE000E01A2B /* ListenerController.h */; settings = {ATTRIBUTES = (Public, ); }; };
		C4A1E016134A4DE000E01A2B /* ListenerController.m in Sources */ = {isa = PBXBuildFile; fileRef = C4A1E010134A4DE000E01A2B /* ListenerController.m */; };
		C4A1E01E134A4E3200E01A2B /* UITableViewContentUnavailableView.h in Headers */ = {isa = PBXBuildFile; fileRef = C4A1E018134A4E3100E01A2B /* UITableViewContentUnavailableView.h */; settings = {ATTRIBUTES = (Public, ); }; };
		C4A1E01F134A4E3200E01A2B /* UITableViewContentUnavailableView.m in Sources */ = {isa = PBXBuildFile; fileRef = C4A1E019134A4E3100E01A2B /* UITableViewContentUnavailableView.m */; };
		C4A1E020134A4E3200E01A2B /* UITableViewHelper.h in Headers */ = {isa = PBXBuildFile; fileRef = C4A1E01A134A4E3100E01A2B /* UITableViewHelper.h */; settings = {ATTRIBUTES = (Public, ); }; };
		C4A1E021134A4E3200E01A2B /* UITableViewHelper.m in Sources */ = {isa = PBXBuildFile; fileRef = C4A1E01B134A4E3100E01A2B /* UITableViewHelper.m */; };
		C4A1E022134A4E3200E01A2B /* UITableViewUpdatingView.h in Headers */ = {isa = PBXBuildFile; fileRef = C4A1E01C134A4E3100E01A2B /* UITableViewUpdatingView.h */; settings = {ATTRIBUTES = (Public, ); }; };
		C4A1E023134A4E3200E01A2B /* UITableViewUpdatingView.m in Sources */ = {isa = PBXBuildFile; fileRef = C4A1E01D134A4E3100E01A2B /* UITableViewUpdatingView.m */; };
		C4A1E027134A4F2C00E01A2B /* TPAutoArchiver.h in Headers */ = {isa = PBXBuildFile; fileRef = C4A1E025134A4F2C00E01A2B /* TPAutoArchiver.h */; settings = {ATTRIBUTES = (Public, ); }; };
		C4A1E028134A4F2C00E01A2B /* TPAutoArchiver.m in Sources */ = {isa = PBXBuildFile; fileRef = C4A1E026134A4F2C00E01A2B /* TPAutoArchiver.m */; };
		C4A1E036134A572100E01A2B /* Functions.h in Headers */ = {isa = PBXBuildFile; fileRef = C4A1E034134A572100E01A2B /* Functions.h */; settings = {ATTRIBUTES = (Public, ); }; };
		C4A1E037134A572100E01A2B /* Functions.m in Sources */ = {isa = PBXBuildFile; fileRef = C4A1E035134A572100E01A2B /* Functions.m */; };
		C4A1E075134A5BF500E01A2B /* AVFoundation.framework in Frameworks */ = {isa = PBXBuildFile; fileRef = C4A1E06B134A5BF500E01A2B /* AVFoundation.framework */; };
		C4A1E076134A5BF500E01A2B /* CoreData.framework in Frameworks */ = {isa = PBXBuildFile; fileRef = C4A1E06C134A5BF500E01A2B /* CoreData.framework */; };
		C4A1E077134A5BF500E01A2B /* CoreFoundation.framework in Frameworks */ = {isa = PBXBuildFile; fileRef = C4A1E06D134A5BF500E01A2B /* CoreFoundation.framework */; };
		C4A1E078134A5BF500E01A2B /* CoreGraphics.framework in Frameworks */ = {isa = PBXBuildFile; fileRef = C4A1E06E134A5BF500E01A2B /* CoreGraphics.framework */; };
		C4A1E079134A5BF500E01A2B /* CoreLocation.framework in Frameworks */ = {isa = PBXBuildFile; fileRef = C4A1E06F134A5BF500E01A2B /* CoreLocation.framework */; };
		C4A1E07A134A5BF500E01A2B /* MapKit.framework in Frameworks */ = {isa = PBXBuildFile; fileRef = C4A1E070134A5BF500E01A2B /* MapKit.framework */; };
		C4A1E07B134A5BF500E01A2B /* MobileCoreServices.framework in Frameworks */ = {isa = PBXBuildFile; fileRef = C4A1E071134A5BF500E01A2B /* MobileCoreServices.framework */; };
		C4A1E07C134A5BF500E01A2B /* Security.framework in Frameworks */ = {isa = PBXBuildFile; fileRef = C4A1E072134A5BF500E01A2B /* Security.framework */; };
		C4A1E07D134A5BF500E01A2B /* SystemConfiguration.framework in Frameworks */ = {isa = PBXBuildFile; fileRef = C4A1E073134A5BF500E01A2B /* SystemConfiguration.framework */; };
		C4A1E07E134A5BF500E01A2B /* UIKit.framework in Frameworks */ = {isa = PBXBuildFile; fileRef = C4A1E074134A5BF500E01A2B /* UIKit.framework */; };
		C4FFBB72134A6D33007F4F2B /* MTStatusBarOverlay.h in Headers */ = {isa = PBXBuildFile; fileRef = C4FFBB70134A6D2E007F4F2B /* MTStatusBarOverlay.h */; settings = {ATTRIBUTES = (Public, ); }; };
		C4FFBB73134A6D33007F4F2B /* MTStatusBarOverlay.m in Sources */ = {isa = PBXBuildFile; fileRef = C4FFBB71134A6D30007F4F2B /* MTStatusBarOverlay.m */; };
/* End PBXBuildFile section */

/* Begin PBXContainerItemProxy section */
		C4474C6D1349A2070097BB67 /* PBXContainerItemProxy */ = {
			isa = PBXContainerItemProxy;
			containerPortal = C4474C511349A2060097BB67 /* Project object */;
			proxyType = 1;
			remoteGlobalIDString = C4474C591349A2060097BB67;
			remoteInfo = FJCode;
		};
		C44F1BDB1378EC52008BF6ED /* PBXContainerItemProxy */ = {
			isa = PBXContainerItemProxy;
			containerPortal = C4474C511349A2060097BB67 /* Project object */;
			proxyType = 1;
			remoteGlobalIDString = C44F1BCD1378EC46008BF6ED;
			remoteInfo = FJCodeBundle;
		};
/* End PBXContainerItemProxy section */

/* Begin PBXFileReference section */
		C41BE9A413F87E7C009083D4 /* NSTimer+Extensions.h */ = {isa = PBXFileReference; fileEncoding = 4; lastKnownFileType = sourcecode.c.h; path = "NSTimer+Extensions.h"; sourceTree = "<group>"; };
		C41BE9A513F87E7C009083D4 /* NSTimer+Extensions.m */ = {isa = PBXFileReference; fileEncoding = 4; lastKnownFileType = sourcecode.c.objc; path = "NSTimer+Extensions.m"; sourceTree = "<group>"; };
		C42AC214143265C1002737E6 /* NSPredicate+extensions.h */ = {isa = PBXFileReference; fileEncoding = 4; lastKnownFileType = sourcecode.c.h; path = "NSPredicate+extensions.h"; sourceTree = "<group>"; };
		C42AC215143265C1002737E6 /* NSPredicate+extensions.m */ = {isa = PBXFileReference; fileEncoding = 4; lastKnownFileType = sourcecode.c.objc; path = "NSPredicate+extensions.m"; sourceTree = "<group>"; };
		C4474C5A1349A2060097BB67 /* libFJCode.a */ = {isa = PBXFileReference; explicitFileType = archive.ar; includeInIndex = 0; path = libFJCode.a; sourceTree = BUILT_PRODUCTS_DIR; };
		C4474C5D1349A2060097BB67 /* Foundation.framework */ = {isa = PBXFileReference; lastKnownFileType = wrapper.framework; name = Foundation.framework; path = System/Library/Frameworks/Foundation.framework; sourceTree = SDKROOT; };
		C4474C611349A2060097BB67 /* FJCode-Prefix.pch */ = {isa = PBXFileReference; lastKnownFileType = sourcecode.c.h; path = "FJCode-Prefix.pch"; sourceTree = "<group>"; };
		C4474C671349A2070097BB67 /* FJCodeTests.octest */ = {isa = PBXFileReference; explicitFileType = wrapper.cfbundle; includeInIndex = 0; path = FJCodeTests.octest; sourceTree = BUILT_PRODUCTS_DIR; };
		C4474C681349A2070097BB67 /* UIKit.framework */ = {isa = PBXFileReference; lastKnownFileType = wrapper.framework; name = UIKit.framework; path = System/Library/Frameworks/UIKit.framework; sourceTree = SDKROOT; };
		C4474C6B1349A2070097BB67 /* CoreGraphics.framework */ = {isa = PBXFileReference; lastKnownFileType = wrapper.framework; name = CoreGraphics.framework; path = System/Library/Frameworks/CoreGraphics.framework; sourceTree = SDKROOT; };
		C4474C721349A2070097BB67 /* FJCodeTests-Info.plist */ = {isa = PBXFileReference; lastKnownFileType = text.plist.xml; path = "FJCodeTests-Info.plist"; sourceTree = "<group>"; };
		C4474C741349A2070097BB67 /* en */ = {isa = PBXFileReference; lastKnownFileType = text.plist.strings; name = en; path = en.lproj/InfoPlist.strings; sourceTree = "<group>"; };
		C4474C761349A2070097BB67 /* FJCodeTests-Prefix.pch */ = {isa = PBXFileReference; lastKnownFileType = sourcecode.c.h; path = "FJCodeTests-Prefix.pch"; sourceTree = "<group>"; };
		C4474C771349A2070097BB67 /* FJCodeTests.h */ = {isa = PBXFileReference; lastKnownFileType = sourcecode.c.h; name = FJCodeTests.h; path = FJCodeTests/FJCodeTests.h; sourceTree = SOURCE_ROOT; };
		C4474C791349A2070097BB67 /* FJCodeTests.m */ = {isa = PBXFileReference; lastKnownFileType = sourcecode.c.objc; path = FJCodeTests.m; sourceTree = "<group>"; };
		C4474C831349A2550097BB67 /* FJSCode.h */ = {isa = PBXFileReference; fileEncoding = 4; lastKnownFileType = sourcecode.c.h; path = FJSCode.h; sourceTree = "<group>"; };
		C4474C861349A2550097BB67 /* SynthesizeSingleton.h */ = {isa = PBXFileReference; fileEncoding = 4; lastKnownFileType = sourcecode.c.h; path = SynthesizeSingleton.h; sourceTree = "<group>"; };
		C4478A721349A2DC0097BB67 /* MacroUtilities.h */ = {isa = PBXFileReference; fileEncoding = 4; lastKnownFileType = sourcecode.c.h; path = MacroUtilities.h; sourceTree = "<group>"; };
		C4478A741349A2F00097BB67 /* FJFoundationExtensions.h */ = {isa = PBXFileReference; fileEncoding = 4; lastKnownFileType = sourcecode.c.h; path = FJFoundationExtensions.h; sourceTree = "<group>"; };
		C4478A751349A2F00097BB67 /* NSData+Base64.h */ = {isa = PBXFileReference; fileEncoding = 4; lastKnownFileType = sourcecode.c.h; path = "NSData+Base64.h"; sourceTree = "<group>"; };
		C4478A761349A2F00097BB67 /* NSData+Base64.m */ = {isa = PBXFileReference; fileEncoding = 4; lastKnownFileType = sourcecode.c.objc; path = "NSData+Base64.m"; sourceTree = "<group>"; };
		C4478A771349A2F00097BB67 /* NSObject+Proxy.h */ = {isa = PBXFileReference; fileEncoding = 4; lastKnownFileType = sourcecode.c.h; path = "NSObject+Proxy.h"; sourceTree = "<group>"; };
		C4478A781349A2F00097BB67 /* NSObject+Proxy.m */ = {isa = PBXFileReference; fileEncoding = 4; lastKnownFileType = sourcecode.c.objc; path = "NSObject+Proxy.m"; sourceTree = "<group>"; };
		C4478A791349A2F10097BB67 /* NSObjectHelper.h */ = {isa = PBXFileReference; fileEncoding = 4; lastKnownFileType = sourcecode.c.h; path = NSObjectHelper.h; sourceTree = "<group>"; };
		C4478A7A1349A2F10097BB67 /* NSObjectHelper.m */ = {isa = PBXFileReference; fileEncoding = 4; lastKnownFileType = sourcecode.c.objc; path = NSObjectHelper.m; sourceTree = "<group>"; };
		C4478A7B1349A2F10097BB67 /* NSString+extensions.h */ = {isa = PBXFileReference; fileEncoding = 4; lastKnownFileType = sourcecode.c.h; path = "NSString+extensions.h"; sourceTree = "<group>"; };
		C4478A7C1349A2F10097BB67 /* NSString+extensions.m */ = {isa = PBXFileReference; fileEncoding = 4; lastKnownFileType = sourcecode.c.objc; path = "NSString+extensions.m"; sourceTree = "<group>"; };
		C4478A7D1349A2F10097BB67 /* NSDictionaryHelper.h */ = {isa = PBXFileReference; fileEncoding = 4; lastKnownFileType = sourcecode.c.h; path = NSDictionaryHelper.h; sourceTree = "<group>"; };
		C4478A7E1349A2F10097BB67 /* NSDictionaryHelper.m */ = {isa = PBXFileReference; fileEncoding = 4; lastKnownFileType = sourcecode.c.objc; path = NSDictionaryHelper.m; sourceTree = "<group>"; };
		C4478A7F1349A2F20097BB67 /* NSArrayHelper.h */ = {isa = PBXFileReference; fileEncoding = 4; lastKnownFileType = sourcecode.c.h; path = NSArrayHelper.h; sourceTree = "<group>"; };
		C4478A801349A2F20097BB67 /* NSArrayHelper.m */ = {isa = PBXFileReference; fileEncoding = 4; lastKnownFileType = sourcecode.c.objc; path = NSArrayHelper.m; sourceTree = "<group>"; };
		C4478A811349A2F20097BB67 /* NSSet+blocks.h */ = {isa = PBXFileReference; fileEncoding = 4; lastKnownFileType = sourcecode.c.h; path = "NSSet+blocks.h"; sourceTree = "<group>"; };
		C4478A821349A2F20097BB67 /* NSSet+blocks.m */ = {isa = PBXFileReference; fileEncoding = 4; lastKnownFileType = sourcecode.c.objc; path = "NSSet+blocks.m"; sourceTree = "<group>"; };
		C4478A831349A2F20097BB67 /* NSArray+blocks.h */ = {isa = PBXFileReference; fileEncoding = 4; lastKnownFileType = sourcecode.c.h; path = "NSArray+blocks.h"; sourceTree = "<group>"; };
		C4478A841349A2F30097BB67 /* NSArray+blocks.m */ = {isa = PBXFileReference; fileEncoding = 4; lastKnownFileType = sourcecode.c.objc; path = "NSArray+blocks.m"; sourceTree = "<group>"; };
		C4478A851349A2F30097BB67 /* NSURL+Extensions.h */ = {isa = PBXFileReference; fileEncoding = 4; lastKnownFileType = sourcecode.c.h; path = "NSURL+Extensions.h"; sourceTree = "<group>"; };
		C4478A861349A2F30097BB67 /* NSURL+Extensions.m */ = {isa = PBXFileReference; fileEncoding = 4; lastKnownFileType = sourcecode.c.objc; path = "NSURL+Extensions.m"; sourceTree = "<group>"; };
		C4478A871349A2F30097BB67 /* NSDate+Helper.h */ = {isa = PBXFileReference; fileEncoding = 4; lastKnownFileType = sourcecode.c.h; path = "NSDate+Helper.h"; sourceTree = "<group>"; };
		C4478A881349A2F40097BB67 /* NSDate+Helper.m */ = {isa = PBXFileReference; fileEncoding = 4; lastKnownFileType = sourcecode.c.objc; path = "NSDate+Helper.m"; sourceTree = "<group>"; };
		C4478A891349A2F40097BB67 /* NSOperationQueue+Shared.h */ = {isa = PBXFileReference; fileEncoding = 4; lastKnownFileType = sourcecode.c.h; path = "NSOperationQueue+Shared.h"; sourceTree = "<group>"; };
		C4478A8A1349A2F40097BB67 /* NSOperationQueue+Shared.m */ = {isa = PBXFileReference; fileEncoding = 4; lastKnownFileType = sourcecode.c.objc; path = "NSOperationQueue+Shared.m"; sourceTree = "<group>"; };
		C4478AA51349A3390097BB67 /* FJCoreDataExtensions.h */ = {isa = PBXFileReference; fileEncoding = 4; lastKnownFileType = sourcecode.c.h; path = FJCoreDataExtensions.h; sourceTree = "<group>"; };
		C4478AA81349A33A0097BB67 /* NSManagedObjectContext+Convenience.h */ = {isa = PBXFileReference; fileEncoding = 4; lastKnownFileType = sourcecode.c.h; path = "NSManagedObjectContext+Convenience.h"; sourceTree = "<group>"; };
		C4478AA91349A33A0097BB67 /* NSManagedObjectContext+Convenience.m */ = {isa = PBXFileReference; fileEncoding = 4; lastKnownFileType = sourcecode.c.objc; path = "NSManagedObjectContext+Convenience.m"; sourceTree = "<group>"; };
		C4478AAA1349A33A0097BB67 /* NSManagedObject+Extensions.h */ = {isa = PBXFileReference; fileEncoding = 4; lastKnownFileType = sourcecode.c.h; path = "NSManagedObject+Extensions.h"; sourceTree = "<group>"; };
		C4478AAB1349A33B0097BB67 /* NSManagedObject+Extensions.m */ = {isa = PBXFileReference; fileEncoding = 4; lastKnownFileType = sourcecode.c.objc; path = "NSManagedObject+Extensions.m"; sourceTree = "<group>"; };
		C4478AB51349A3440097BB67 /* DDCoreData.h */ = {isa = PBXFileReference; fileEncoding = 4; lastKnownFileType = sourcecode.c.h; path = DDCoreData.h; sourceTree = "<group>"; };
		C4478AB61349A3440097BB67 /* DDCoreDataException.h */ = {isa = PBXFileReference; fileEncoding = 4; lastKnownFileType = sourcecode.c.h; path = DDCoreDataException.h; sourceTree = "<group>"; };
		C4478AB71349A3440097BB67 /* DDCoreDataException.m */ = {isa = PBXFileReference; fileEncoding = 4; lastKnownFileType = sourcecode.c.objc; path = DDCoreDataException.m; sourceTree = "<group>"; };
		C4478AB81349A3440097BB67 /* DDCoreDataHelper.h */ = {isa = PBXFileReference; fileEncoding = 4; lastKnownFileType = sourcecode.c.h; path = DDCoreDataHelper.h; sourceTree = "<group>"; };
		C4478AB91349A3450097BB67 /* DDCoreDataHelper.m */ = {isa = PBXFileReference; fileEncoding = 4; lastKnownFileType = sourcecode.c.objc; path = DDCoreDataHelper.m; sourceTree = "<group>"; };
		C4478ABA1349A3450097BB67 /* DDCoreDataProvider.h */ = {isa = PBXFileReference; fileEncoding = 4; lastKnownFileType = sourcecode.c.h; path = DDCoreDataProvider.h; sourceTree = "<group>"; };
		C4478ABB1349A3450097BB67 /* DDCoreDataStack.h */ = {isa = PBXFileReference; fileEncoding = 4; lastKnownFileType = sourcecode.c.h; path = DDCoreDataStack.h; sourceTree = "<group>"; };
		C4478ABC1349A3450097BB67 /* DDCoreDataStack.m */ = {isa = PBXFileReference; fileEncoding = 4; lastKnownFileType = sourcecode.c.objc; path = DDCoreDataStack.m; sourceTree = "<group>"; };
		C44F1BCE1378EC46008BF6ED /* FJCodeResources.bundle */ = {isa = PBXFileReference; explicitFileType = wrapper.cfbundle; includeInIndex = 0; path = FJCodeResources.bundle; sourceTree = BUILT_PRODUCTS_DIR; };
		C44F1BD21378EC47008BF6ED /* FJCodeBundle-Info.plist */ = {isa = PBXFileReference; lastKnownFileType = text.plist.xml; path = "FJCodeBundle-Info.plist"; sourceTree = "<group>"; };
		C44F1BD41378EC47008BF6ED /* en */ = {isa = PBXFileReference; lastKnownFileType = text.plist.strings; name = en; path = en.lproj/InfoPlist.strings; sourceTree = "<group>"; };
		C44F1BD61378EC47008BF6ED /* FJCodeBundle-Prefix.pch */ = {isa = PBXFileReference; lastKnownFileType = sourcecode.c.h; path = "FJCodeBundle-Prefix.pch"; sourceTree = "<group>"; };
		C483EE4A1349B0A2004D164C /* UIView-Extensions.m */ = {isa = PBXFileReference; fileEncoding = 4; lastKnownFileType = sourcecode.c.objc; path = "UIView-Extensions.m"; sourceTree = "<group>"; };
		C483EE4B1349B0A2004D164C /* UIView-Extensions.h */ = {isa = PBXFileReference; fileEncoding = 4; lastKnownFileType = sourcecode.c.h; path = "UIView-Extensions.h"; sourceTree = "<group>"; };
		C483EE4C1349B0A2004D164C /* UITableViewControllerHelper.m */ = {isa = PBXFileReference; fileEncoding = 4; lastKnownFileType = sourcecode.c.objc; path = UITableViewControllerHelper.m; sourceTree = "<group>"; };
		C483EE4D1349B0A3004D164C /* UITableViewControllerHelper.h */ = {isa = PBXFileReference; fileEncoding = 4; lastKnownFileType = sourcecode.c.h; path = UITableViewControllerHelper.h; sourceTree = "<group>"; };
		C483EE4E1349B0A3004D164C /* UIImageHelper.m */ = {isa = PBXFileReference; fileEncoding = 4; lastKnownFileType = sourcecode.c.objc; path = UIImageHelper.m; sourceTree = "<group>"; };
		C483EE4F1349B0A3004D164C /* UIImageHelper.h */ = {isa = PBXFileReference; fileEncoding = 4; lastKnownFileType = sourcecode.c.h; path = UIImageHelper.h; sourceTree = "<group>"; };
		C483EE501349B0A3004D164C /* UIColor+extensions.m */ = {isa = PBXFileReference; fileEncoding = 4; lastKnownFileType = sourcecode.c.objc; path = "UIColor+extensions.m"; sourceTree = "<group>"; };
		C483EE511349B0A3004D164C /* UIColor+extensions.h */ = {isa = PBXFileReference; fileEncoding = 4; lastKnownFileType = sourcecode.c.h; path = "UIColor+extensions.h"; sourceTree = "<group>"; };
		C483EE521349B0A4004D164C /* UIBarButtonItem+extensions.m */ = {isa = PBXFileReference; fileEncoding = 4; lastKnownFileType = sourcecode.c.objc; path = "UIBarButtonItem+extensions.m"; sourceTree = "<group>"; };
		C483EE531349B0A4004D164C /* UIBarButtonItem+extensions.h */ = {isa = PBXFileReference; fileEncoding = 4; lastKnownFileType = sourcecode.c.h; path = "UIBarButtonItem+extensions.h"; sourceTree = "<group>"; };
		C483EE541349B0A4004D164C /* UIAlertViewHelper.m */ = {isa = PBXFileReference; fileEncoding = 4; lastKnownFileType = sourcecode.c.objc; path = UIAlertViewHelper.m; sourceTree = "<group>"; };
		C483EE551349B0A5004D164C /* UIAlertViewHelper.h */ = {isa = PBXFileReference; fileEncoding = 4; lastKnownFileType = sourcecode.c.h; path = UIAlertViewHelper.h; sourceTree = "<group>"; };
		C483EE561349B0A5004D164C /* NSArray+TableView.m */ = {isa = PBXFileReference; fileEncoding = 4; lastKnownFileType = sourcecode.c.objc; path = "NSArray+TableView.m"; sourceTree = "<group>"; };
		C483EE571349B0A6004D164C /* NSArray+TableView.h */ = {isa = PBXFileReference; fileEncoding = 4; lastKnownFileType = sourcecode.c.h; path = "NSArray+TableView.h"; sourceTree = "<group>"; };
		C483EE5A1349B0A7004D164C /* BlueBadge.m */ = {isa = PBXFileReference; fileEncoding = 4; lastKnownFileType = sourcecode.c.objc; path = BlueBadge.m; sourceTree = "<group>"; };
		C483EE5B1349B0A8004D164C /* BlueBadge.h */ = {isa = PBXFileReference; fileEncoding = 4; lastKnownFileType = sourcecode.c.h; path = BlueBadge.h; sourceTree = "<group>"; };
		C483EE6F1349B0DD004D164C /* FJUIKitExtensions.h */ = {isa = PBXFileReference; fileEncoding = 4; lastKnownFileType = sourcecode.c.h; path = FJUIKitExtensions.h; sourceTree = "<group>"; };
		C483EE721349B134004D164C /* L0ExternalURLOpeningDetection.m */ = {isa = PBXFileReference; fileEncoding = 4; lastKnownFileType = sourcecode.c.objc; path = L0ExternalURLOpeningDetection.m; sourceTree = "<group>"; };
		C483EE731349B136004D164C /* L0ExternalURLOpeningDetection.h */ = {isa = PBXFileReference; fileEncoding = 4; lastKnownFileType = sourcecode.c.h; path = L0ExternalURLOpeningDetection.h; sourceTree = "<group>"; };
		C483EE761349B22E004D164C /* UIImage+Disk.h */ = {isa = PBXFileReference; fileEncoding = 4; lastKnownFileType = sourcecode.c.h; path = "UIImage+Disk.h"; sourceTree = "<group>"; };
		C483EE771349B22F004D164C /* UIImage+Disk.m */ = {isa = PBXFileReference; fileEncoding = 4; lastKnownFileType = sourcecode.c.objc; path = "UIImage+Disk.m"; sourceTree = "<group>"; };
		C483EE7B1349B2CE004D164C /* Reachability.h */ = {isa = PBXFileReference; fileEncoding = 4; lastKnownFileType = sourcecode.c.h; path = Reachability.h; sourceTree = "<group>"; };
		C483EE7C1349B2D3004D164C /* Reachability.m */ = {isa = PBXFileReference; fileEncoding = 4; lastKnownFileType = sourcecode.c.objc; path = Reachability.m; sourceTree = "<group>"; };
		C483EE7D1349B2DA004D164C /* NSError+FJNetwork.h */ = {isa = PBXFileReference; fileEncoding = 4; lastKnownFileType = sourcecode.c.h; path = "NSError+FJNetwork.h"; sourceTree = "<group>"; };
		C483EE7E1349B2E4004D164C /* NSError+FJNetwork.m */ = {isa = PBXFileReference; fileEncoding = 4; lastKnownFileType = sourcecode.c.objc; path = "NSError+FJNetwork.m"; sourceTree = "<group>"; };
		C483EE841349B302004D164C /* SFHFKeychainUtils.h */ = {isa = PBXFileReference; fileEncoding = 4; lastKnownFileType = sourcecode.c.h; path = SFHFKeychainUtils.h; sourceTree = "<group>"; };
		C483EE851349B304004D164C /* SFHFKeychainUtils.m */ = {isa = PBXFileReference; fileEncoding = 4; lastKnownFileType = sourcecode.c.objc; path = SFHFKeychainUtils.m; sourceTree = "<group>"; };
		C483EE881349B32A004D164C /* ACActivityIndicatorQueue.h */ = {isa = PBXFileReference; fileEncoding = 4; lastKnownFileType = sourcecode.c.h; path = ACActivityIndicatorQueue.h; sourceTree = "<group>"; };
		C483EE891349B32C004D164C /* ACActivityIndicatorQueue.m */ = {isa = PBXFileReference; fileEncoding = 4; lastKnownFileType = sourcecode.c.objc; path = ACActivityIndicatorQueue.m; sourceTree = "<group>"; };
		C483EE8C1349B35D004D164C /* FJLocationController.h */ = {isa = PBXFileReference; fileEncoding = 4; lastKnownFileType = sourcecode.c.h; path = FJLocationController.h; sourceTree = "<group>"; };
		C483EE8D1349B35F004D164C /* FJLocationController.m */ = {isa = PBXFileReference; fileEncoding = 4; lastKnownFileType = sourcecode.c.objc; path = FJLocationController.m; sourceTree = "<group>"; };
		C483EE901349B395004D164C /* MapViewController.h */ = {isa = PBXFileReference; fileEncoding = 4; lastKnownFileType = sourcecode.c.h; path = MapViewController.h; sourceTree = "<group>"; };
		C483EE911349B398004D164C /* MapViewController.m */ = {isa = PBXFileReference; fileEncoding = 4; lastKnownFileType = sourcecode.c.objc; path = MapViewController.m; sourceTree = "<group>"; };
		C483EE941349B3B8004D164C /* LambdaAlert.h */ = {isa = PBXFileReference; fileEncoding = 4; lastKnownFileType = sourcecode.c.h; path = LambdaAlert.h; sourceTree = "<group>"; };
		C483EE951349B3BB004D164C /* LambdaAlert.m */ = {isa = PBXFileReference; fileEncoding = 4; lastKnownFileType = sourcecode.c.objc; path = LambdaAlert.m; sourceTree = "<group>"; };
		C483EE961349B3C1004D164C /* LambdaSheet.h */ = {isa = PBXFileReference; fileEncoding = 4; lastKnownFileType = sourcecode.c.h; path = LambdaSheet.h; sourceTree = "<group>"; };
		C483EE971349B3CC004D164C /* LambdaSheet.m */ = {isa = PBXFileReference; fileEncoding = 4; lastKnownFileType = sourcecode.c.objc; path = LambdaSheet.m; sourceTree = "<group>"; };
		C483EE9C1349B416004D164C /* CKVOBlockNotificationHelper.h */ = {isa = PBXFileReference; fileEncoding = 4; lastKnownFileType = sourcecode.c.h; path = CKVOBlockNotificationHelper.h; sourceTree = "<group>"; };
		C483EE9D1349B419004D164C /* CKVOBlockNotificationHelper.m */ = {isa = PBXFileReference; fileEncoding = 4; lastKnownFileType = sourcecode.c.objc; path = CKVOBlockNotificationHelper.m; sourceTree = "<group>"; };
		C483EE9E1349B41F004D164C /* NSObject_KVOBlockNotificationExtensions.h */ = {isa = PBXFileReference; fileEncoding = 4; lastKnownFileType = sourcecode.c.h; path = NSObject_KVOBlockNotificationExtensions.h; sourceTree = "<group>"; };
		C483EE9F1349B427004D164C /* NSObject_KVOBlockNotificationExtensions.m */ = {isa = PBXFileReference; fileEncoding = 4; lastKnownFileType = sourcecode.c.objc; path = NSObject_KVOBlockNotificationExtensions.m; sourceTree = "<group>"; };
		C4A1DFC0134A4BF400E01A2B /* 11-x.png */ = {isa = PBXFileReference; lastKnownFileType = image.png; path = "11-x.png"; sourceTree = "<group>"; };
		C4A1DFC1134A4BF400E01A2B /* 19-check.png */ = {isa = PBXFileReference; lastKnownFileType = image.png; path = "19-check.png"; sourceTree = "<group>"; };
		C4A1DFC3134A4BF400E01A2B /* ATMHud.h */ = {isa = PBXFileReference; fileEncoding = 4; lastKnownFileType = sourcecode.c.h; path = ATMHud.h; sourceTree = "<group>"; };
		C4A1DFC4134A4BF400E01A2B /* ATMHud.m */ = {isa = PBXFileReference; fileEncoding = 4; lastKnownFileType = sourcecode.c.objc; path = ATMHud.m; sourceTree = "<group>"; };
		C4A1DFC7134A4BF500E01A2B /* ATMHudQueueItem.h */ = {isa = PBXFileReference; fileEncoding = 4; lastKnownFileType = sourcecode.c.h; path = ATMHudQueueItem.h; sourceTree = "<group>"; };
		C4A1DFC8134A4BF600E01A2B /* ATMHudQueueItem.m */ = {isa = PBXFileReference; fileEncoding = 4; lastKnownFileType = sourcecode.c.objc; path = ATMHudQueueItem.m; sourceTree = "<group>"; };
		C4A1DFC9134A4BF600E01A2B /* ATMHudView.h */ = {isa = PBXFileReference; fileEncoding = 4; lastKnownFileType = sourcecode.c.h; path = ATMHudView.h; sourceTree = "<group>"; };
		C4A1DFCA134A4BF700E01A2B /* ATMHudView.m */ = {isa = PBXFileReference; fileEncoding = 4; lastKnownFileType = sourcecode.c.objc; path = ATMHudView.m; sourceTree = "<group>"; };
		C4A1DFCB134A4BF700E01A2B /* ATMProgressLayer.h */ = {isa = PBXFileReference; fileEncoding = 4; lastKnownFileType = sourcecode.c.h; path = ATMProgressLayer.h; sourceTree = "<group>"; };
		C4A1DFCC134A4BF800E01A2B /* ATMProgressLayer.m */ = {isa = PBXFileReference; fileEncoding = 4; lastKnownFileType = sourcecode.c.objc; path = ATMProgressLayer.m; sourceTree = "<group>"; };
		C4A1DFCD134A4BF900E01A2B /* ATMSoundFX.h */ = {isa = PBXFileReference; fileEncoding = 4; lastKnownFileType = sourcecode.c.h; path = ATMSoundFX.h; sourceTree = "<group>"; };
		C4A1DFCE134A4BFA00E01A2B /* ATMSoundFX.m */ = {isa = PBXFileReference; fileEncoding = 4; lastKnownFileType = sourcecode.c.objc; path = ATMSoundFX.m; sourceTree = "<group>"; };
		C4A1DFCF134A4BFA00E01A2B /* ATMTextLayer.h */ = {isa = PBXFileReference; fileEncoding = 4; lastKnownFileType = sourcecode.c.h; path = ATMTextLayer.h; sourceTree = "<group>"; };
		C4A1DFD0134A4BFC00E01A2B /* ATMTextLayer.m */ = {isa = PBXFileReference; fileEncoding = 4; lastKnownFileType = sourcecode.c.objc; path = ATMTextLayer.m; sourceTree = "<group>"; };
		C4A1DFD6134A4C0200E01A2B /* pop.wav */ = {isa = PBXFileReference; lastKnownFileType = audio.wav; path = pop.wav; sourceTree = "<group>"; };
		C4A1DFE8134A4C7700E01A2B /* CLLocation+DCTBetterDescription.h */ = {isa = PBXFileReference; fileEncoding = 4; lastKnownFileType = sourcecode.c.h; path = "CLLocation+DCTBetterDescription.h"; sourceTree = "<group>"; };
		C4A1DFE9134A4C7700E01A2B /* CLLocation+DCTBetterDescription.m */ = {isa = PBXFileReference; fileEncoding = 4; lastKnownFileType = sourcecode.c.objc; path = "CLLocation+DCTBetterDescription.m"; sourceTree = "<group>"; };
		C4A1DFEA134A4C7700E01A2B /* NSObject+DCTBetterDescription.h */ = {isa = PBXFileReference; fileEncoding = 4; lastKnownFileType = sourcecode.c.h; path = "NSObject+DCTBetterDescription.h"; sourceTree = "<group>"; };
		C4A1DFEB134A4C7700E01A2B /* NSObject+DCTBetterDescription.m */ = {isa = PBXFileReference; fileEncoding = 4; lastKnownFileType = sourcecode.c.objc; path = "NSObject+DCTBetterDescription.m"; sourceTree = "<group>"; };
		C4A1DFEC134A4C7800E01A2B /* UIFont+DCTBetterDescription.h */ = {isa = PBXFileReference; fileEncoding = 4; lastKnownFileType = sourcecode.c.h; path = "UIFont+DCTBetterDescription.h"; sourceTree = "<group>"; };
		C4A1DFED134A4C7800E01A2B /* UIFont+DCTBetterDescription.m */ = {isa = PBXFileReference; fileEncoding = 4; lastKnownFileType = sourcecode.c.objc; path = "UIFont+DCTBetterDescription.m"; sourceTree = "<group>"; };
		C4A1DFF5134A4CA600E01A2B /* MKNumberBadgeView.h */ = {isa = PBXFileReference; fileEncoding = 4; lastKnownFileType = sourcecode.c.h; path = MKNumberBadgeView.h; sourceTree = "<group>"; };
		C4A1DFF6134A4CA600E01A2B /* MKNumberBadgeView.m */ = {isa = PBXFileReference; fileEncoding = 4; lastKnownFileType = sourcecode.c.objc; path = MKNumberBadgeView.m; sourceTree = "<group>"; };
		C4A1DFFA134A4D0600E01A2B /* TITokenFieldView.h */ = {isa = PBXFileReference; fileEncoding = 4; lastKnownFileType = sourcecode.c.h; path = TITokenFieldView.h; sourceTree = "<group>"; };
		C4A1DFFB134A4D0600E01A2B /* TITokenFieldView.m */ = {isa = PBXFileReference; fileEncoding = 4; lastKnownFileType = sourcecode.c.objc; path = TITokenFieldView.m; sourceTree = "<group>"; };
		C4A1DFFF134A4D3300E01A2B /* MBProgressHUD.h */ = {isa = PBXFileReference; fileEncoding = 4; lastKnownFileType = sourcecode.c.h; path = MBProgressHUD.h; sourceTree = "<group>"; };
		C4A1E000134A4D3300E01A2B /* MBProgressHUD.m */ = {isa = PBXFileReference; fileEncoding = 4; lastKnownFileType = sourcecode.c.objc; path = MBProgressHUD.m; sourceTree = "<group>"; };
		C4A1E006134A4DA400E01A2B /* BrowserViewController.h */ = {isa = PBXFileReference; fileEncoding = 4; lastKnownFileType = sourcecode.c.h; path = BrowserViewController.h; sourceTree = "<group>"; };
		C4A1E007134A4DA400E01A2B /* BrowserViewController.m */ = {isa = PBXFileReference; fileEncoding = 4; lastKnownFileType = sourcecode.c.objc; path = BrowserViewController.m; sourceTree = "<group>"; };
		C4A1E00B134A4DDF00E01A2B /* SoundEffect.h */ = {isa = PBXFileReference; fileEncoding = 4; lastKnownFileType = sourcecode.c.h; path = SoundEffect.h; sourceTree = "<group>"; };
		C4A1E00C134A4DDF00E01A2B /* SoundEffect.m */ = {isa = PBXFileReference; fileEncoding = 4; lastKnownFileType = sourcecode.c.objc; path = SoundEffect.m; sourceTree = "<group>"; };
		C4A1E00D134A4DE000E01A2B /* SCListener.h */ = {isa = PBXFileReference; fileEncoding = 4; lastKnownFileType = sourcecode.c.h; path = SCListener.h; sourceTree = "<group>"; };
		C4A1E00E134A4DE000E01A2B /* SCListener.m */ = {isa = PBXFileReference; fileEncoding = 4; lastKnownFileType = sourcecode.c.objc; path = SCListener.m; sourceTree = "<group>"; };
		C4A1E00F134A4DE000E01A2B /* ListenerController.h */ = {isa = PBXFileReference; fileEncoding = 4; lastKnownFileType = sourcecode.c.h; path = ListenerController.h; sourceTree = "<group>"; };
		C4A1E010134A4DE000E01A2B /* ListenerController.m */ = {isa = PBXFileReference; fileEncoding = 4; lastKnownFileType = sourcecode.c.objc; path = ListenerController.m; sourceTree = "<group>"; };
		C4A1E018134A4E3100E01A2B /* UITableViewContentUnavailableView.h */ = {isa = PBXFileReference; fileEncoding = 4; lastKnownFileType = sourcecode.c.h; path = UITableViewContentUnavailableView.h; sourceTree = "<group>"; };
		C4A1E019134A4E3100E01A2B /* UITableViewContentUnavailableView.m */ = {isa = PBXFileReference; fileEncoding = 4; lastKnownFileType = sourcecode.c.objc; path = UITableViewContentUnavailableView.m; sourceTree = "<group>"; };
		C4A1E01A134A4E3100E01A2B /* UITableViewHelper.h */ = {isa = PBXFileReference; fileEncoding = 4; lastKnownFileType = sourcecode.c.h; path = UITableViewHelper.h; sourceTree = "<group>"; };
		C4A1E01B134A4E3100E01A2B /* UITableViewHelper.m */ = {isa = PBXFileReference; fileEncoding = 4; lastKnownFileType = sourcecode.c.objc; path = UITableViewHelper.m; sourceTree = "<group>"; };
		C4A1E01C134A4E3100E01A2B /* UITableViewUpdatingView.h */ = {isa = PBXFileReference; fileEncoding = 4; lastKnownFileType = sourcecode.c.h; path = UITableViewUpdatingView.h; sourceTree = "<group>"; };
		C4A1E01D134A4E3100E01A2B /* UITableViewUpdatingView.m */ = {isa = PBXFileReference; fileEncoding = 4; lastKnownFileType = sourcecode.c.objc; path = UITableViewUpdatingView.m; sourceTree = "<group>"; };
		C4A1E025134A4F2C00E01A2B /* TPAutoArchiver.h */ = {isa = PBXFileReference; fileEncoding = 4; lastKnownFileType = sourcecode.c.h; path = TPAutoArchiver.h; sourceTree = "<group>"; };
		C4A1E026134A4F2C00E01A2B /* TPAutoArchiver.m */ = {isa = PBXFileReference; fileEncoding = 4; lastKnownFileType = sourcecode.c.objc; path = TPAutoArchiver.m; sourceTree = "<group>"; };
		C4A1E034134A572100E01A2B /* Functions.h */ = {isa = PBXFileReference; fileEncoding = 4; lastKnownFileType = sourcecode.c.h; path = Functions.h; sourceTree = "<group>"; };
		C4A1E035134A572100E01A2B /* Functions.m */ = {isa = PBXFileReference; fileEncoding = 4; lastKnownFileType = sourcecode.c.objc; path = Functions.m; sourceTree = "<group>"; };
		C4A1E06B134A5BF500E01A2B /* AVFoundation.framework */ = {isa = PBXFileReference; lastKnownFileType = wrapper.framework; name = AVFoundation.framework; path = System/Library/Frameworks/AVFoundation.framework; sourceTree = SDKROOT; };
		C4A1E06C134A5BF500E01A2B /* CoreData.framework */ = {isa = PBXFileReference; lastKnownFileType = wrapper.framework; name = CoreData.framework; path = System/Library/Frameworks/CoreData.framework; sourceTree = SDKROOT; };
		C4A1E06D134A5BF500E01A2B /* CoreFoundation.framework */ = {isa = PBXFileReference; lastKnownFileType = wrapper.framework; name = CoreFoundation.framework; path = System/Library/Frameworks/CoreFoundation.framework; sourceTree = SDKROOT; };
		C4A1E06E134A5BF500E01A2B /* CoreGraphics.framework */ = {isa = PBXFileReference; lastKnownFileType = wrapper.framework; name = CoreGraphics.framework; path = System/Library/Frameworks/CoreGraphics.framework; sourceTree = SDKROOT; };
		C4A1E06F134A5BF500E01A2B /* CoreLocation.framework */ = {isa = PBXFileReference; lastKnownFileType = wrapper.framework; name = CoreLocation.framework; path = System/Library/Frameworks/CoreLocation.framework; sourceTree = SDKROOT; };
		C4A1E070134A5BF500E01A2B /* MapKit.framework */ = {isa = PBXFileReference; lastKnownFileType = wrapper.framework; name = MapKit.framework; path = System/Library/Frameworks/MapKit.framework; sourceTree = SDKROOT; };
		C4A1E071134A5BF500E01A2B /* MobileCoreServices.framework */ = {isa = PBXFileReference; lastKnownFileType = wrapper.framework; name = MobileCoreServices.framework; path = System/Library/Frameworks/MobileCoreServices.framework; sourceTree = SDKROOT; };
		C4A1E072134A5BF500E01A2B /* Security.framework */ = {isa = PBXFileReference; lastKnownFileType = wrapper.framework; name = Security.framework; path = System/Library/Frameworks/Security.framework; sourceTree = SDKROOT; };
		C4A1E073134A5BF500E01A2B /* SystemConfiguration.framework */ = {isa = PBXFileReference; lastKnownFileType = wrapper.framework; name = SystemConfiguration.framework; path = System/Library/Frameworks/SystemConfiguration.framework; sourceTree = SDKROOT; };
		C4A1E074134A5BF500E01A2B /* UIKit.framework */ = {isa = PBXFileReference; lastKnownFileType = wrapper.framework; name = UIKit.framework; path = System/Library/Frameworks/UIKit.framework; sourceTree = SDKROOT; };
		C4FFBB70134A6D2E007F4F2B /* MTStatusBarOverlay.h */ = {isa = PBXFileReference; fileEncoding = 4; lastKnownFileType = sourcecode.c.h; path = MTStatusBarOverlay.h; sourceTree = "<group>"; };
		C4FFBB71134A6D30007F4F2B /* MTStatusBarOverlay.m */ = {isa = PBXFileReference; fileEncoding = 4; lastKnownFileType = sourcecode.c.objc; path = MTStatusBarOverlay.m; sourceTree = "<group>"; };
/* End PBXFileReference section */

/* Begin PBXFrameworksBuildPhase section */
		C4474C571349A2060097BB67 /* Frameworks */ = {
			isa = PBXFrameworksBuildPhase;
			buildActionMask = 2147483647;
			files = (
				C4A1E075134A5BF500E01A2B /* AVFoundation.framework in Frameworks */,
				C4A1E076134A5BF500E01A2B /* CoreData.framework in Frameworks */,
				C4A1E077134A5BF500E01A2B /* CoreFoundation.framework in Frameworks */,
				C4A1E078134A5BF500E01A2B /* CoreGraphics.framework in Frameworks */,
				C4A1E079134A5BF500E01A2B /* CoreLocation.framework in Frameworks */,
				C4A1E07A134A5BF500E01A2B /* MapKit.framework in Frameworks */,
				C4A1E07B134A5BF500E01A2B /* MobileCoreServices.framework in Frameworks */,
				C4A1E07C134A5BF500E01A2B /* Security.framework in Frameworks */,
				C4A1E07D134A5BF500E01A2B /* SystemConfiguration.framework in Frameworks */,
				C4A1E07E134A5BF500E01A2B /* UIKit.framework in Frameworks */,
				C4474C5E1349A2060097BB67 /* Foundation.framework in Frameworks */,
			);
			runOnlyForDeploymentPostprocessing = 0;
		};
		C4474C631349A2070097BB67 /* Frameworks */ = {
			isa = PBXFrameworksBuildPhase;
			buildActionMask = 2147483647;
			files = (
				C4474C691349A2070097BB67 /* UIKit.framework in Frameworks */,
				C4474C6A1349A2070097BB67 /* Foundation.framework in Frameworks */,
				C4474C6C1349A2070097BB67 /* CoreGraphics.framework in Frameworks */,
				C4474C6F1349A2070097BB67 /* libFJCode.a in Frameworks */,
			);
			runOnlyForDeploymentPostprocessing = 0;
		};
		C44F1BCB1378EC46008BF6ED /* Frameworks */ = {
			isa = PBXFrameworksBuildPhase;
			buildActionMask = 2147483647;
			files = (
				C44F1BCF1378EC46008BF6ED /* CoreFoundation.framework in Frameworks */,
			);
			runOnlyForDeploymentPostprocessing = 0;
		};
/* End PBXFrameworksBuildPhase section */

/* Begin PBXGroup section */
		C4474C4F1349A2060097BB67 = {
			isa = PBXGroup;
			children = (
				C4474C5F1349A2060097BB67 /* FJCode */,
				C4474C701349A2070097BB67 /* FJCodeTests */,
				C44F1BD01378EC46008BF6ED /* FJCodeBundle */,
				C4474C5C1349A2060097BB67 /* Frameworks */,
				C4474C5B1349A2060097BB67 /* Products */,
			);
			sourceTree = "<group>";
		};
		C4474C5B1349A2060097BB67 /* Products */ = {
			isa = PBXGroup;
			children = (
				C4474C5A1349A2060097BB67 /* libFJCode.a */,
				C4474C671349A2070097BB67 /* FJCodeTests.octest */,
				C44F1BCE1378EC46008BF6ED /* FJCodeResources.bundle */,
			);
			name = Products;
			sourceTree = "<group>";
		};
		C4474C5C1349A2060097BB67 /* Frameworks */ = {
			isa = PBXGroup;
			children = (
				C4A1E06B134A5BF500E01A2B /* AVFoundation.framework */,
				C4A1E06C134A5BF500E01A2B /* CoreData.framework */,
				C4A1E06D134A5BF500E01A2B /* CoreFoundation.framework */,
				C4A1E06E134A5BF500E01A2B /* CoreGraphics.framework */,
				C4A1E06F134A5BF500E01A2B /* CoreLocation.framework */,
				C4A1E070134A5BF500E01A2B /* MapKit.framework */,
				C4A1E071134A5BF500E01A2B /* MobileCoreServices.framework */,
				C4A1E072134A5BF500E01A2B /* Security.framework */,
				C4A1E073134A5BF500E01A2B /* SystemConfiguration.framework */,
				C4A1E074134A5BF500E01A2B /* UIKit.framework */,
				C4474C5D1349A2060097BB67 /* Foundation.framework */,
				C4474C681349A2070097BB67 /* UIKit.framework */,
				C4474C6B1349A2070097BB67 /* CoreGraphics.framework */,
			);
			name = Frameworks;
			sourceTree = "<group>";
		};
		C4474C5F1349A2060097BB67 /* FJCode */ = {
			isa = PBXGroup;
			children = (
				C4474C831349A2550097BB67 /* FJSCode.h */,
				C4474C861349A2550097BB67 /* SynthesizeSingleton.h */,
				C4478A721349A2DC0097BB67 /* MacroUtilities.h */,
				C4A1E034134A572100E01A2B /* Functions.h */,
				C4A1E035134A572100E01A2B /* Functions.m */,
				C4478AA21349A3000097BB67 /* Foundation Categories */,
				C4478AC61349A35C0097BB67 /* Core Data Cateorgries */,
				C4478AC51349A34B0097BB67 /* DDCoreData */,
				C483EE711349B0E5004D164C /* UIKit Categories */,
				C4A1DFF4134A4C7D00E01A2B /* Description Categories */,
				C483EEA41349FF3B004D164C /* KVO Blocks */,
				C483EEA5134A004F004D164C /* Key Chain */,
				C4A1E004134A4D6500E01A2B /* Reachability */,
				C4A1E017134A4DE300E01A2B /* Audio */,
				C4A1E029134A4F3200E01A2B /* Archiving */,
				C4A1E005134A4D8000E01A2B /* Activity Indicator */,
				C483EEA6134A015C004D164C /* Map and Location */,
				C4A1E00A134A4DAA00E01A2B /* BrowserViewController */,
				C4A1E024134A4E3900E01A2B /* Activity Table */,
				C4A1DFB4134A4B4000E01A2B /* Alert & Sheet Blocks */,
				C4A1E003134A4D3A00E01A2B /* MBProgressHud */,
				C4A1DFE7134A4C2700E01A2B /* ATM Hud */,
				C4FFBB70134A6D2E007F4F2B /* MTStatusBarOverlay.h */,
				C4FFBB71134A6D30007F4F2B /* MTStatusBarOverlay.m */,
				C4A1DFFE134A4D0E00E01A2B /* Token Field */,
				C4A1DFF9134A4CAF00E01A2B /* Badges */,
				C4474C601349A2060097BB67 /* Supporting Files */,
			);
			path = FJCode;
			sourceTree = "<group>";
		};
		C4474C601349A2060097BB67 /* Supporting Files */ = {
			isa = PBXGroup;
			children = (
				C4474C611349A2060097BB67 /* FJCode-Prefix.pch */,
			);
			name = "Supporting Files";
			sourceTree = "<group>";
		};
		C4474C701349A2070097BB67 /* FJCodeTests */ = {
			isa = PBXGroup;
			children = (
				C4474C771349A2070097BB67 /* FJCodeTests.h */,
				C4474C791349A2070097BB67 /* FJCodeTests.m */,
				C4474C711349A2070097BB67 /* Supporting Files */,
			);
			path = FJCodeTests;
			sourceTree = "<group>";
		};
		C4474C711349A2070097BB67 /* Supporting Files */ = {
			isa = PBXGroup;
			children = (
				C4474C721349A2070097BB67 /* FJCodeTests-Info.plist */,
				C4474C731349A2070097BB67 /* InfoPlist.strings */,
				C4474C761349A2070097BB67 /* FJCodeTests-Prefix.pch */,
			);
			name = "Supporting Files";
			sourceTree = "<group>";
		};
		C4478AA21349A3000097BB67 /* Foundation Categories */ = {
			isa = PBXGroup;
			children = (
				C4478A741349A2F00097BB67 /* FJFoundationExtensions.h */,
				C4478A751349A2F00097BB67 /* NSData+Base64.h */,
				C4478A761349A2F00097BB67 /* NSData+Base64.m */,
				C4478A771349A2F00097BB67 /* NSObject+Proxy.h */,
				C4478A781349A2F00097BB67 /* NSObject+Proxy.m */,
				C4478A791349A2F10097BB67 /* NSObjectHelper.h */,
				C4478A7A1349A2F10097BB67 /* NSObjectHelper.m */,
				C4478A7B1349A2F10097BB67 /* NSString+extensions.h */,
				C4478A7C1349A2F10097BB67 /* NSString+extensions.m */,
				C41BE9A413F87E7C009083D4 /* NSTimer+Extensions.h */,
				C41BE9A513F87E7C009083D4 /* NSTimer+Extensions.m */,
				C4478A7D1349A2F10097BB67 /* NSDictionaryHelper.h */,
				C4478A7E1349A2F10097BB67 /* NSDictionaryHelper.m */,
				C4478A7F1349A2F20097BB67 /* NSArrayHelper.h */,
				C4478A801349A2F20097BB67 /* NSArrayHelper.m */,
				C4478A811349A2F20097BB67 /* NSSet+blocks.h */,
				C4478A821349A2F20097BB67 /* NSSet+blocks.m */,
				C4478A831349A2F20097BB67 /* NSArray+blocks.h */,
				C4478A841349A2F30097BB67 /* NSArray+blocks.m */,
				C4478A851349A2F30097BB67 /* NSURL+Extensions.h */,
				C4478A861349A2F30097BB67 /* NSURL+Extensions.m */,
				C4478A871349A2F30097BB67 /* NSDate+Helper.h */,
				C4478A881349A2F40097BB67 /* NSDate+Helper.m */,
				C483EE7D1349B2DA004D164C /* NSError+FJNetwork.h */,
				C483EE7E1349B2E4004D164C /* NSError+FJNetwork.m */,
				C4478A891349A2F40097BB67 /* NSOperationQueue+Shared.h */,
				C4478A8A1349A2F40097BB67 /* NSOperationQueue+Shared.m */,
				C42AC214143265C1002737E6 /* NSPredicate+extensions.h */,
				C42AC215143265C1002737E6 /* NSPredicate+extensions.m */,
			);
			name = "Foundation Categories";
			sourceTree = "<group>";
		};
		C4478AC51349A34B0097BB67 /* DDCoreData */ = {
			isa = PBXGroup;
			children = (
				C4478AB51349A3440097BB67 /* DDCoreData.h */,
				C4478AB61349A3440097BB67 /* DDCoreDataException.h */,
				C4478AB71349A3440097BB67 /* DDCoreDataException.m */,
				C4478AB81349A3440097BB67 /* DDCoreDataHelper.h */,
				C4478AB91349A3450097BB67 /* DDCoreDataHelper.m */,
				C4478ABA1349A3450097BB67 /* DDCoreDataProvider.h */,
				C4478ABB1349A3450097BB67 /* DDCoreDataStack.h */,
				C4478ABC1349A3450097BB67 /* DDCoreDataStack.m */,
			);
			name = DDCoreData;
			sourceTree = "<group>";
		};
		C4478AC61349A35C0097BB67 /* Core Data Cateorgries */ = {
			isa = PBXGroup;
			children = (
				C4478AA51349A3390097BB67 /* FJCoreDataExtensions.h */,
				C4478AA81349A33A0097BB67 /* NSManagedObjectContext+Convenience.h */,
				C4478AA91349A33A0097BB67 /* NSManagedObjectContext+Convenience.m */,
				C4478AAA1349A33A0097BB67 /* NSManagedObject+Extensions.h */,
				C4478AAB1349A33B0097BB67 /* NSManagedObject+Extensions.m */,
			);
			name = "Core Data Cateorgries";
			sourceTree = "<group>";
		};
		C44F1BD01378EC46008BF6ED /* FJCodeBundle */ = {
			isa = PBXGroup;
			children = (
				C44F1BD11378EC47008BF6ED /* Supporting Files */,
			);
			path = FJCodeBundle;
			sourceTree = "<group>";
		};
		C44F1BD11378EC47008BF6ED /* Supporting Files */ = {
			isa = PBXGroup;
			children = (
				C44F1BD21378EC47008BF6ED /* FJCodeBundle-Info.plist */,
				C44F1BD31378EC47008BF6ED /* InfoPlist.strings */,
				C44F1BD61378EC47008BF6ED /* FJCodeBundle-Prefix.pch */,
			);
			name = "Supporting Files";
			sourceTree = "<group>";
		};
		C483EE711349B0E5004D164C /* UIKit Categories */ = {
			isa = PBXGroup;
			children = (
				C483EE761349B22E004D164C /* UIImage+Disk.h */,
				C483EE771349B22F004D164C /* UIImage+Disk.m */,
				C483EE6F1349B0DD004D164C /* FJUIKitExtensions.h */,
				C483EE4A1349B0A2004D164C /* UIView-Extensions.m */,
				C483EE4B1349B0A2004D164C /* UIView-Extensions.h */,
				C483EE721349B134004D164C /* L0ExternalURLOpeningDetection.m */,
				C483EE731349B136004D164C /* L0ExternalURLOpeningDetection.h */,
				C483EE4C1349B0A2004D164C /* UITableViewControllerHelper.m */,
				C483EE4D1349B0A3004D164C /* UITableViewControllerHelper.h */,
				C483EE4E1349B0A3004D164C /* UIImageHelper.m */,
				C483EE4F1349B0A3004D164C /* UIImageHelper.h */,
				C483EE501349B0A3004D164C /* UIColor+extensions.m */,
				C483EE511349B0A3004D164C /* UIColor+extensions.h */,
				C483EE521349B0A4004D164C /* UIBarButtonItem+extensions.m */,
				C483EE531349B0A4004D164C /* UIBarButtonItem+extensions.h */,
				C483EE541349B0A4004D164C /* UIAlertViewHelper.m */,
				C483EE551349B0A5004D164C /* UIAlertViewHelper.h */,
				C483EE561349B0A5004D164C /* NSArray+TableView.m */,
				C483EE571349B0A6004D164C /* NSArray+TableView.h */,
			);
			name = "UIKit Categories";
			sourceTree = "<group>";
		};
		C483EEA41349FF3B004D164C /* KVO Blocks */ = {
			isa = PBXGroup;
			children = (
				C483EE9C1349B416004D164C /* CKVOBlockNotificationHelper.h */,
				C483EE9D1349B419004D164C /* CKVOBlockNotificationHelper.m */,
				C483EE9E1349B41F004D164C /* NSObject_KVOBlockNotificationExtensions.h */,
				C483EE9F1349B427004D164C /* NSObject_KVOBlockNotificationExtensions.m */,
			);
			name = "KVO Blocks";
			sourceTree = "<group>";
		};
		C483EEA5134A004F004D164C /* Key Chain */ = {
			isa = PBXGroup;
			children = (
				C483EE841349B302004D164C /* SFHFKeychainUtils.h */,
				C483EE851349B304004D164C /* SFHFKeychainUtils.m */,
			);
			name = "Key Chain";
			sourceTree = "<group>";
		};
		C483EEA6134A015C004D164C /* Map and Location */ = {
			isa = PBXGroup;
			children = (
				C483EE8C1349B35D004D164C /* FJLocationController.h */,
				C483EE8D1349B35F004D164C /* FJLocationController.m */,
				C483EE901349B395004D164C /* MapViewController.h */,
				C483EE911349B398004D164C /* MapViewController.m */,
			);
			name = "Map and Location";
			sourceTree = "<group>";
		};
		C4A1DFB4134A4B4000E01A2B /* Alert & Sheet Blocks */ = {
			isa = PBXGroup;
			children = (
				C483EE941349B3B8004D164C /* LambdaAlert.h */,
				C483EE951349B3BB004D164C /* LambdaAlert.m */,
				C483EE961349B3C1004D164C /* LambdaSheet.h */,
				C483EE971349B3CC004D164C /* LambdaSheet.m */,
			);
			name = "Alert & Sheet Blocks";
			sourceTree = "<group>";
		};
		C4A1DFE7134A4C2700E01A2B /* ATM Hud */ = {
			isa = PBXGroup;
			children = (
				C4A1DFC0134A4BF400E01A2B /* 11-x.png */,
				C4A1DFC1134A4BF400E01A2B /* 19-check.png */,
				C4A1DFC3134A4BF400E01A2B /* ATMHud.h */,
				C4A1DFC4134A4BF400E01A2B /* ATMHud.m */,
				C4A1DFC7134A4BF500E01A2B /* ATMHudQueueItem.h */,
				C4A1DFC8134A4BF600E01A2B /* ATMHudQueueItem.m */,
				C4A1DFC9134A4BF600E01A2B /* ATMHudView.h */,
				C4A1DFCA134A4BF700E01A2B /* ATMHudView.m */,
				C4A1DFCB134A4BF700E01A2B /* ATMProgressLayer.h */,
				C4A1DFCC134A4BF800E01A2B /* ATMProgressLayer.m */,
				C4A1DFCD134A4BF900E01A2B /* ATMSoundFX.h */,
				C4A1DFCE134A4BFA00E01A2B /* ATMSoundFX.m */,
				C4A1DFCF134A4BFA00E01A2B /* ATMTextLayer.h */,
				C4A1DFD0134A4BFC00E01A2B /* ATMTextLayer.m */,
				C4A1DFD6134A4C0200E01A2B /* pop.wav */,
			);
			name = "ATM Hud";
			sourceTree = "<group>";
		};
		C4A1DFF4134A4C7D00E01A2B /* Description Categories */ = {
			isa = PBXGroup;
			children = (
				C4A1DFE8134A4C7700E01A2B /* CLLocation+DCTBetterDescription.h */,
				C4A1DFE9134A4C7700E01A2B /* CLLocation+DCTBetterDescription.m */,
				C4A1DFEA134A4C7700E01A2B /* NSObject+DCTBetterDescription.h */,
				C4A1DFEB134A4C7700E01A2B /* NSObject+DCTBetterDescription.m */,
				C4A1DFEC134A4C7800E01A2B /* UIFont+DCTBetterDescription.h */,
				C4A1DFED134A4C7800E01A2B /* UIFont+DCTBetterDescription.m */,
			);
			name = "Description Categories";
			sourceTree = "<group>";
		};
		C4A1DFF9134A4CAF00E01A2B /* Badges */ = {
			isa = PBXGroup;
			children = (
				C483EE5A1349B0A7004D164C /* BlueBadge.m */,
				C483EE5B1349B0A8004D164C /* BlueBadge.h */,
				C4A1DFF5134A4CA600E01A2B /* MKNumberBadgeView.h */,
				C4A1DFF6134A4CA600E01A2B /* MKNumberBadgeView.m */,
			);
			name = Badges;
			sourceTree = "<group>";
		};
		C4A1DFFE134A4D0E00E01A2B /* Token Field */ = {
			isa = PBXGroup;
			children = (
				C4A1DFFA134A4D0600E01A2B /* TITokenFieldView.h */,
				C4A1DFFB134A4D0600E01A2B /* TITokenFieldView.m */,
			);
			name = "Token Field";
			sourceTree = "<group>";
		};
		C4A1E003134A4D3A00E01A2B /* MBProgressHud */ = {
			isa = PBXGroup;
			children = (
				C4A1DFFF134A4D3300E01A2B /* MBProgressHUD.h */,
				C4A1E000134A4D3300E01A2B /* MBProgressHUD.m */,
			);
			name = MBProgressHud;
			sourceTree = "<group>";
		};
		C4A1E004134A4D6500E01A2B /* Reachability */ = {
			isa = PBXGroup;
			children = (
				C483EE7B1349B2CE004D164C /* Reachability.h */,
				C483EE7C1349B2D3004D164C /* Reachability.m */,
			);
			name = Reachability;
			sourceTree = "<group>";
		};
		C4A1E005134A4D8000E01A2B /* Activity Indicator */ = {
			isa = PBXGroup;
			children = (
				C483EE881349B32A004D164C /* ACActivityIndicatorQueue.h */,
				C483EE891349B32C004D164C /* ACActivityIndicatorQueue.m */,
			);
			name = "Activity Indicator";
			sourceTree = "<group>";
		};
		C4A1E00A134A4DAA00E01A2B /* BrowserViewController */ = {
			isa = PBXGroup;
			children = (
				C4A1E006134A4DA400E01A2B /* BrowserViewController.h */,
				C4A1E007134A4DA400E01A2B /* BrowserViewController.m */,
			);
			name = BrowserViewController;
			sourceTree = "<group>";
		};
		C4A1E017134A4DE300E01A2B /* Audio */ = {
			isa = PBXGroup;
			children = (
				C4A1E00B134A4DDF00E01A2B /* SoundEffect.h */,
				C4A1E00C134A4DDF00E01A2B /* SoundEffect.m */,
				C4A1E00D134A4DE000E01A2B /* SCListener.h */,
				C4A1E00E134A4DE000E01A2B /* SCListener.m */,
				C4A1E00F134A4DE000E01A2B /* ListenerController.h */,
				C4A1E010134A4DE000E01A2B /* ListenerController.m */,
			);
			name = Audio;
			sourceTree = "<group>";
		};
		C4A1E024134A4E3900E01A2B /* Activity Table */ = {
			isa = PBXGroup;
			children = (
				C4A1E018134A4E3100E01A2B /* UITableViewContentUnavailableView.h */,
				C4A1E019134A4E3100E01A2B /* UITableViewContentUnavailableView.m */,
				C4A1E01A134A4E3100E01A2B /* UITableViewHelper.h */,
				C4A1E01B134A4E3100E01A2B /* UITableViewHelper.m */,
				C4A1E01C134A4E3100E01A2B /* UITableViewUpdatingView.h */,
				C4A1E01D134A4E3100E01A2B /* UITableViewUpdatingView.m */,
			);
			name = "Activity Table";
			sourceTree = "<group>";
		};
		C4A1E029134A4F3200E01A2B /* Archiving */ = {
			isa = PBXGroup;
			children = (
				C4A1E025134A4F2C00E01A2B /* TPAutoArchiver.h */,
				C4A1E026134A4F2C00E01A2B /* TPAutoArchiver.m */,
			);
			name = Archiving;
			sourceTree = "<group>";
		};
/* End PBXGroup section */

/* Begin PBXHeadersBuildPhase section */
		C4474C581349A2060097BB67 /* Headers */ = {
			isa = PBXHeadersBuildPhase;
			buildActionMask = 2147483647;
			files = (
				C447718F1349A25F0097BB67 /* FJSCode.h in Headers */,
				C44771921349A25F0097BB67 /* SynthesizeSingleton.h in Headers */,
				C4478A731349A2DC0097BB67 /* MacroUtilities.h in Headers */,
				C4478A8B1349A2F40097BB67 /* FJFoundationExtensions.h in Headers */,
				C4478A8C1349A2F40097BB67 /* NSData+Base64.h in Headers */,
				C4478A8E1349A2F40097BB67 /* NSObject+Proxy.h in Headers */,
				C4478A901349A2F40097BB67 /* NSObjectHelper.h in Headers */,
				C4478A921349A2F40097BB67 /* NSString+extensions.h in Headers */,
				C4478A941349A2F40097BB67 /* NSDictionaryHelper.h in Headers */,
				C4478A961349A2F40097BB67 /* NSArrayHelper.h in Headers */,
				C4478A981349A2F40097BB67 /* NSSet+blocks.h in Headers */,
				C4478A9A1349A2F40097BB67 /* NSArray+blocks.h in Headers */,
				C4478A9C1349A2F40097BB67 /* NSURL+Extensions.h in Headers */,
				C4478A9E1349A2F40097BB67 /* NSDate+Helper.h in Headers */,
				C4478AA01349A2F40097BB67 /* NSOperationQueue+Shared.h in Headers */,
				C4478AAE1349A33B0097BB67 /* FJCoreDataExtensions.h in Headers */,
				C4478AB11349A33B0097BB67 /* NSManagedObjectContext+Convenience.h in Headers */,
				C4478AB31349A33B0097BB67 /* NSManagedObject+Extensions.h in Headers */,
				C4478ABD1349A3450097BB67 /* DDCoreData.h in Headers */,
				C4478ABE1349A3450097BB67 /* DDCoreDataException.h in Headers */,
				C4478AC01349A3450097BB67 /* DDCoreDataHelper.h in Headers */,
				C4478AC21349A3450097BB67 /* DDCoreDataProvider.h in Headers */,
				C4478AC31349A3450097BB67 /* DDCoreDataStack.h in Headers */,
				C483EE5D1349B0A8004D164C /* UIView-Extensions.h in Headers */,
				C483EE5F1349B0A8004D164C /* UITableViewControllerHelper.h in Headers */,
				C483EE611349B0A8004D164C /* UIImageHelper.h in Headers */,
				C483EE631349B0A8004D164C /* UIColor+extensions.h in Headers */,
				C483EE651349B0A8004D164C /* UIBarButtonItem+extensions.h in Headers */,
				C483EE671349B0A8004D164C /* UIAlertViewHelper.h in Headers */,
				C483EE691349B0A8004D164C /* NSArray+TableView.h in Headers */,
				C483EE6D1349B0A8004D164C /* BlueBadge.h in Headers */,
				C483EE701349B0DD004D164C /* FJUIKitExtensions.h in Headers */,
				C483EE751349B13B004D164C /* L0ExternalURLOpeningDetection.h in Headers */,
				C483EE781349B232004D164C /* UIImage+Disk.h in Headers */,
				C483EE801349B2F1004D164C /* Reachability.h in Headers */,
				C483EE821349B2F1004D164C /* NSError+FJNetwork.h in Headers */,
				C483EE861349B30A004D164C /* SFHFKeychainUtils.h in Headers */,
				C483EE8A1349B330004D164C /* ACActivityIndicatorQueue.h in Headers */,
				C483EE8E1349B364004D164C /* FJLocationController.h in Headers */,
				C483EE921349B39C004D164C /* MapViewController.h in Headers */,
				C483EE981349B3DB004D164C /* LambdaAlert.h in Headers */,
				C483EE9A1349B3DB004D164C /* LambdaSheet.h in Headers */,
				C483EEA01349B435004D164C /* CKVOBlockNotificationHelper.h in Headers */,
				C483EEA21349B435004D164C /* NSObject_KVOBlockNotificationExtensions.h in Headers */,
				C4A1DFD8134A4C0500E01A2B /* ATMHud.h in Headers */,
				C4A1DFDC134A4C0500E01A2B /* ATMHudQueueItem.h in Headers */,
				C4A1DFDE134A4C0500E01A2B /* ATMHudView.h in Headers */,
				C4A1DFE0134A4C0500E01A2B /* ATMProgressLayer.h in Headers */,
				C4A1DFE2134A4C0500E01A2B /* ATMSoundFX.h in Headers */,
				C4A1DFE4134A4C0500E01A2B /* ATMTextLayer.h in Headers */,
				C4A1DFEE134A4C7800E01A2B /* CLLocation+DCTBetterDescription.h in Headers */,
				C4A1DFF0134A4C7800E01A2B /* NSObject+DCTBetterDescription.h in Headers */,
				C4A1DFF2134A4C7800E01A2B /* UIFont+DCTBetterDescription.h in Headers */,
				C4A1DFF7134A4CA700E01A2B /* MKNumberBadgeView.h in Headers */,
				C4A1DFFC134A4D0700E01A2B /* TITokenFieldView.h in Headers */,
				C4A1E001134A4D3300E01A2B /* MBProgressHUD.h in Headers */,
				C4A1E008134A4DA400E01A2B /* BrowserViewController.h in Headers */,
				C4A1E011134A4DE000E01A2B /* SoundEffect.h in Headers */,
				C4A1E013134A4DE000E01A2B /* SCListener.h in Headers */,
				C4A1E015134A4DE000E01A2B /* ListenerController.h in Headers */,
				C4A1E01E134A4E3200E01A2B /* UITableViewContentUnavailableView.h in Headers */,
				C4A1E020134A4E3200E01A2B /* UITableViewHelper.h in Headers */,
				C4A1E022134A4E3200E01A2B /* UITableViewUpdatingView.h in Headers */,
				C4A1E027134A4F2C00E01A2B /* TPAutoArchiver.h in Headers */,
				C4A1E036134A572100E01A2B /* Functions.h in Headers */,
				C4FFBB72134A6D33007F4F2B /* MTStatusBarOverlay.h in Headers */,
				C41BE9A613F87E7C009083D4 /* NSTimer+Extensions.h in Headers */,
				C42AC216143265C1002737E6 /* NSPredicate+extensions.h in Headers */,
			);
			runOnlyForDeploymentPostprocessing = 0;
		};
/* End PBXHeadersBuildPhase section */

/* Begin PBXNativeTarget section */
		C4474C591349A2060097BB67 /* FJCode */ = {
			isa = PBXNativeTarget;
			buildConfigurationList = C4474C7D1349A2070097BB67 /* Build configuration list for PBXNativeTarget "FJCode" */;
			buildPhases = (
				C4474C561349A2060097BB67 /* Sources */,
				C4474C571349A2060097BB67 /* Frameworks */,
				C4474C581349A2060097BB67 /* Headers */,
			);
			buildRules = (
			);
			dependencies = (
				C44F1BDC1378EC52008BF6ED /* PBXTargetDependency */,
			);
			name = FJCode;
			productName = FJCode;
			productReference = C4474C5A1349A2060097BB67 /* libFJCode.a */;
			productType = "com.apple.product-type.library.static";
		};
		C4474C661349A2070097BB67 /* FJCodeTests */ = {
			isa = PBXNativeTarget;
			buildConfigurationList = C4474C801349A2070097BB67 /* Build configuration list for PBXNativeTarget "FJCodeTests" */;
			buildPhases = (
				C4474C621349A2070097BB67 /* Sources */,
				C4474C631349A2070097BB67 /* Frameworks */,
				C4474C641349A2070097BB67 /* Resources */,
				C4474C651349A2070097BB67 /* ShellScript */,
			);
			buildRules = (
			);
			dependencies = (
				C4474C6E1349A2070097BB67 /* PBXTargetDependency */,
			);
			name = FJCodeTests;
			productName = FJCodeTests;
			productReference = C4474C671349A2070097BB67 /* FJCodeTests.octest */;
			productType = "com.apple.product-type.bundle";
		};
		C44F1BCD1378EC46008BF6ED /* FJCodeResources */ = {
			isa = PBXNativeTarget;
			buildConfigurationList = C44F1BD91378EC47008BF6ED /* Build configuration list for PBXNativeTarget "FJCodeResources" */;
			buildPhases = (
				C44F1BCA1378EC46008BF6ED /* Sources */,
				C44F1BCB1378EC46008BF6ED /* Frameworks */,
				C44F1BCC1378EC46008BF6ED /* Resources */,
			);
			buildRules = (
			);
			dependencies = (
			);
			name = FJCodeResources;
			productName = FJCodeBundle;
			productReference = C44F1BCE1378EC46008BF6ED /* FJCodeResources.bundle */;
			productType = "com.apple.product-type.bundle";
		};
/* End PBXNativeTarget section */

/* Begin PBXProject section */
		C4474C511349A2060097BB67 /* Project object */ = {
			isa = PBXProject;
			attributes = {
				LastUpgradeCheck = 0410;
				ORGANIZATIONNAME = "Flying Jalapeño";
			};
			buildConfigurationList = C4474C541349A2060097BB67 /* Build configuration list for PBXProject "FJCode" */;
			compatibilityVersion = "Xcode 3.2";
			developmentRegion = English;
			hasScannedForEncodings = 0;
			knownRegions = (
				en,
			);
			mainGroup = C4474C4F1349A2060097BB67;
			productRefGroup = C4474C5B1349A2060097BB67 /* Products */;
			projectDirPath = "";
			projectRoot = "";
			targets = (
				C4474C591349A2060097BB67 /* FJCode */,
				C4474C661349A2070097BB67 /* FJCodeTests */,
				C44F1BCD1378EC46008BF6ED /* FJCodeResources */,
			);
		};
/* End PBXProject section */

/* Begin PBXResourcesBuildPhase section */
		C4474C641349A2070097BB67 /* Resources */ = {
			isa = PBXResourcesBuildPhase;
			buildActionMask = 2147483647;
			files = (
				C4474C751349A2070097BB67 /* InfoPlist.strings in Resources */,
				C4474C781349A2070097BB67 /* FJCodeTests.h in Resources */,
			);
			runOnlyForDeploymentPostprocessing = 0;
		};
		C44F1BCC1378EC46008BF6ED /* Resources */ = {
			isa = PBXResourcesBuildPhase;
			buildActionMask = 2147483647;
			files = (
				C44F1BD51378EC47008BF6ED /* InfoPlist.strings in Resources */,
				C44F1BDD1378EC5E008BF6ED /* 11-x.png in Resources */,
				C44F1BDE1378EC5E008BF6ED /* 19-check.png in Resources */,
				C44F1BDF1378EC61008BF6ED /* pop.wav in Resources */,
			);
			runOnlyForDeploymentPostprocessing = 0;
		};
/* End PBXResourcesBuildPhase section */

/* Begin PBXShellScriptBuildPhase section */
		C4474C651349A2070097BB67 /* ShellScript */ = {
			isa = PBXShellScriptBuildPhase;
			buildActionMask = 2147483647;
			files = (
			);
			inputPaths = (
			);
			outputPaths = (
			);
			runOnlyForDeploymentPostprocessing = 0;
			shellPath = /bin/sh;
			shellScript = "# Run the unit tests in this test bundle.\n\"${SYSTEM_DEVELOPER_DIR}/Tools/RunUnitTests\"\n";
		};
/* End PBXShellScriptBuildPhase section */

/* Begin PBXSourcesBuildPhase section */
		C4474C561349A2060097BB67 /* Sources */ = {
			isa = PBXSourcesBuildPhase;
			buildActionMask = 2147483647;
			files = (
				C4478A8D1349A2F40097BB67 /* NSData+Base64.m in Sources */,
				C4478A8F1349A2F40097BB67 /* NSObject+Proxy.m in Sources */,
				C4478A911349A2F40097BB67 /* NSObjectHelper.m in Sources */,
				C4478A931349A2F40097BB67 /* NSString+extensions.m in Sources */,
				C4478A951349A2F40097BB67 /* NSDictionaryHelper.m in Sources */,
				C4478A971349A2F40097BB67 /* NSArrayHelper.m in Sources */,
				C4478A991349A2F40097BB67 /* NSSet+blocks.m in Sources */,
				C4478A9B1349A2F40097BB67 /* NSArray+blocks.m in Sources */,
				C4478A9D1349A2F40097BB67 /* NSURL+Extensions.m in Sources */,
				C4478A9F1349A2F40097BB67 /* NSDate+Helper.m in Sources */,
				C4478AA11349A2F40097BB67 /* NSOperationQueue+Shared.m in Sources */,
				C4478AB21349A33B0097BB67 /* NSManagedObjectContext+Convenience.m in Sources */,
				C4478AB41349A33B0097BB67 /* NSManagedObject+Extensions.m in Sources */,
				C4478ABF1349A3450097BB67 /* DDCoreDataException.m in Sources */,
				C4478AC11349A3450097BB67 /* DDCoreDataHelper.m in Sources */,
				C4478AC41349A3450097BB67 /* DDCoreDataStack.m in Sources */,
				C483EE5C1349B0A8004D164C /* UIView-Extensions.m in Sources */,
				C483EE5E1349B0A8004D164C /* UITableViewControllerHelper.m in Sources */,
				C483EE601349B0A8004D164C /* UIImageHelper.m in Sources */,
				C483EE621349B0A8004D164C /* UIColor+extensions.m in Sources */,
				C483EE641349B0A8004D164C /* UIBarButtonItem+extensions.m in Sources */,
				C483EE661349B0A8004D164C /* UIAlertViewHelper.m in Sources */,
				C483EE681349B0A8004D164C /* NSArray+TableView.m in Sources */,
				C483EE6C1349B0A8004D164C /* BlueBadge.m in Sources */,
				C483EE741349B13B004D164C /* L0ExternalURLOpeningDetection.m in Sources */,
				C483EE791349B232004D164C /* UIImage+Disk.m in Sources */,
				C483EE811349B2F1004D164C /* Reachability.m in Sources */,
				C483EE831349B2F1004D164C /* NSError+FJNetwork.m in Sources */,
				C483EE871349B30A004D164C /* SFHFKeychainUtils.m in Sources */,
				C483EE8B1349B330004D164C /* ACActivityIndicatorQueue.m in Sources */,
				C483EE8F1349B364004D164C /* FJLocationController.m in Sources */,
				C483EE931349B39C004D164C /* MapViewController.m in Sources */,
				C483EE991349B3DB004D164C /* LambdaAlert.m in Sources */,
				C483EE9B1349B3DB004D164C /* LambdaSheet.m in Sources */,
				C483EEA11349B435004D164C /* CKVOBlockNotificationHelper.m in Sources */,
				C483EEA31349B435004D164C /* NSObject_KVOBlockNotificationExtensions.m in Sources */,
				C4A1DFD9134A4C0500E01A2B /* ATMHud.m in Sources */,
				C4A1DFDD134A4C0500E01A2B /* ATMHudQueueItem.m in Sources */,
				C4A1DFDF134A4C0500E01A2B /* ATMHudView.m in Sources */,
				C4A1DFE1134A4C0500E01A2B /* ATMProgressLayer.m in Sources */,
				C4A1DFE3134A4C0500E01A2B /* ATMSoundFX.m in Sources */,
				C4A1DFE5134A4C0500E01A2B /* ATMTextLayer.m in Sources */,
				C4A1DFEF134A4C7800E01A2B /* CLLocation+DCTBetterDescription.m in Sources */,
				C4A1DFF1134A4C7800E01A2B /* NSObject+DCTBetterDescription.m in Sources */,
				C4A1DFF3134A4C7800E01A2B /* UIFont+DCTBetterDescription.m in Sources */,
				C4A1DFF8134A4CA700E01A2B /* MKNumberBadgeView.m in Sources */,
				C4A1DFFD134A4D0700E01A2B /* TITokenFieldView.m in Sources */,
				C4A1E002134A4D3300E01A2B /* MBProgressHUD.m in Sources */,
				C4A1E009134A4DA400E01A2B /* BrowserViewController.m in Sources */,
				C4A1E012134A4DE000E01A2B /* SoundEffect.m in Sources */,
				C4A1E014134A4DE000E01A2B /* SCListener.m in Sources */,
				C4A1E016134A4DE000E01A2B /* ListenerController.m in Sources */,
				C4A1E01F134A4E3200E01A2B /* UITableViewContentUnavailableView.m in Sources */,
				C4A1E021134A4E3200E01A2B /* UITableViewHelper.m in Sources */,
				C4A1E023134A4E3200E01A2B /* UITableViewUpdatingView.m in Sources */,
				C4A1E028134A4F2C00E01A2B /* TPAutoArchiver.m in Sources */,
				C4A1E037134A572100E01A2B /* Functions.m in Sources */,
				C4FFBB73134A6D33007F4F2B /* MTStatusBarOverlay.m in Sources */,
				C41BE9A713F87E7C009083D4 /* NSTimer+Extensions.m in Sources */,
				C42AC217143265C1002737E6 /* NSPredicate+extensions.m in Sources */,
			);
			runOnlyForDeploymentPostprocessing = 0;
		};
		C4474C621349A2070097BB67 /* Sources */ = {
			isa = PBXSourcesBuildPhase;
			buildActionMask = 2147483647;
			files = (
				C4474C7A1349A2070097BB67 /* FJCodeTests.m in Sources */,
				C42AC218143265C1002737E6 /* NSPredicate+extensions.m in Sources */,
			);
			runOnlyForDeploymentPostprocessing = 0;
		};
		C44F1BCA1378EC46008BF6ED /* Sources */ = {
			isa = PBXSourcesBuildPhase;
			buildActionMask = 2147483647;
			files = (
			);
			runOnlyForDeploymentPostprocessing = 0;
		};
/* End PBXSourcesBuildPhase section */

/* Begin PBXTargetDependency section */
		C4474C6E1349A2070097BB67 /* PBXTargetDependency */ = {
			isa = PBXTargetDependency;
			target = C4474C591349A2060097BB67 /* FJCode */;
			targetProxy = C4474C6D1349A2070097BB67 /* PBXContainerItemProxy */;
		};
		C44F1BDC1378EC52008BF6ED /* PBXTargetDependency */ = {
			isa = PBXTargetDependency;
			target = C44F1BCD1378EC46008BF6ED /* FJCodeResources */;
			targetProxy = C44F1BDB1378EC52008BF6ED /* PBXContainerItemProxy */;
		};
/* End PBXTargetDependency section */

/* Begin PBXVariantGroup section */
		C4474C731349A2070097BB67 /* InfoPlist.strings */ = {
			isa = PBXVariantGroup;
			children = (
				C4474C741349A2070097BB67 /* en */,
			);
			name = InfoPlist.strings;
			sourceTree = "<group>";
		};
		C44F1BD31378EC47008BF6ED /* InfoPlist.strings */ = {
			isa = PBXVariantGroup;
			children = (
				C44F1BD41378EC47008BF6ED /* en */,
			);
			name = InfoPlist.strings;
			sourceTree = "<group>";
		};
/* End PBXVariantGroup section */

/* Begin XCBuildConfiguration section */
		C4474C7B1349A2070097BB67 /* Debug */ = {
			isa = XCBuildConfiguration;
			buildSettings = {
				ARCHS = "$(ARCHS_STANDARD_32_BIT)";
				GCC_C_LANGUAGE_STANDARD = gnu99;
				GCC_OPTIMIZATION_LEVEL = 0;
				GCC_PREPROCESSOR_DEFINITIONS = "";
				GCC_SYMBOLS_PRIVATE_EXTERN = NO;
				GCC_VERSION = com.apple.compilers.llvm.clang.1_0;
				GCC_WARN_ABOUT_MISSING_PROTOTYPES = YES;
				GCC_WARN_ABOUT_RETURN_TYPE = YES;
				GCC_WARN_UNUSED_VARIABLE = YES;
				IPHONEOS_DEPLOYMENT_TARGET = 4.0;
				SDKROOT = iphoneos;
				VALID_ARCHS = "armv6 armv7 i386";
			};
			name = Debug;
		};
		C4474C7C1349A2070097BB67 /* Release */ = {
			isa = XCBuildConfiguration;
			buildSettings = {
				ARCHS = "$(ARCHS_STANDARD_32_BIT)";
				GCC_C_LANGUAGE_STANDARD = gnu99;
				GCC_VERSION = com.apple.compilers.llvm.clang.1_0;
				GCC_WARN_ABOUT_MISSING_PROTOTYPES = YES;
				GCC_WARN_ABOUT_RETURN_TYPE = YES;
				GCC_WARN_UNUSED_VARIABLE = YES;
				IPHONEOS_DEPLOYMENT_TARGET = 4.0;
				SDKROOT = iphoneos;
				VALID_ARCHS = "armv6 armv7 i386";
			};
			name = Release;
		};
		C4474C7E1349A2070097BB67 /* Debug */ = {
			isa = XCBuildConfiguration;
			buildSettings = {
				ALWAYS_SEARCH_USER_PATHS = NO;
				DSTROOT = /tmp/FJCode.dst;
				GCC_PRECOMPILE_PREFIX_HEADER = YES;
				GCC_PREFIX_HEADER = "FJCode/FJCode-Prefix.pch";
				INSTALL_PATH = "$(BUILT_PRODUCTS_DIR)";
				OTHER_LDFLAGS = (
					"-ObjC",
					"-all_load",
				);
				PRODUCT_NAME = "$(TARGET_NAME)";
				PUBLIC_HEADERS_FOLDER_PATH = "$(TARGET_NAME)";
				SKIP_INSTALL = YES;
			};
			name = Debug;
		};
		C4474C7F1349A2070097BB67 /* Release */ = {
			isa = XCBuildConfiguration;
			buildSettings = {
				ALWAYS_SEARCH_USER_PATHS = NO;
				DSTROOT = /tmp/FJCode.dst;
				GCC_PRECOMPILE_PREFIX_HEADER = YES;
				GCC_PREFIX_HEADER = "FJCode/FJCode-Prefix.pch";
				INSTALL_PATH = "$(BUILT_PRODUCTS_DIR)";
				OTHER_LDFLAGS = (
					"-ObjC",
					"-all_load",
				);
				PRODUCT_NAME = "$(TARGET_NAME)";
				PUBLIC_HEADERS_FOLDER_PATH = "$(TARGET_NAME)";
				SKIP_INSTALL = YES;
			};
			name = Release;
		};
		C4474C811349A2070097BB67 /* Debug */ = {
			isa = XCBuildConfiguration;
			buildSettings = {
				ALWAYS_SEARCH_USER_PATHS = NO;
				FRAMEWORK_SEARCH_PATHS = (
					"$(SDKROOT)/Developer/Library/Frameworks",
					"$(DEVELOPER_LIBRARY_DIR)/Frameworks",
				);
				GCC_PRECOMPILE_PREFIX_HEADER = YES;
				GCC_PREFIX_HEADER = "FJCodeTests/FJCodeTests-Prefix.pch";
				INFOPLIST_FILE = "FJCodeTests/FJCodeTests-Info.plist";
				OTHER_LDFLAGS = (
					"-framework",
					SenTestingKit,
				);
				PRODUCT_NAME = "$(TARGET_NAME)";
				WRAPPER_EXTENSION = octest;
			};
			name = Debug;
		};
		C4474C821349A2070097BB67 /* Release */ = {
			isa = XCBuildConfiguration;
			buildSettings = {
				ALWAYS_SEARCH_USER_PATHS = NO;
				FRAMEWORK_SEARCH_PATHS = (
					"$(SDKROOT)/Developer/Library/Frameworks",
					"$(DEVELOPER_LIBRARY_DIR)/Frameworks",
				);
				GCC_PRECOMPILE_PREFIX_HEADER = YES;
				GCC_PREFIX_HEADER = "FJCodeTests/FJCodeTests-Prefix.pch";
				INFOPLIST_FILE = "FJCodeTests/FJCodeTests-Info.plist";
				OTHER_LDFLAGS = (
					"-framework",
					SenTestingKit,
				);
				PRODUCT_NAME = "$(TARGET_NAME)";
				WRAPPER_EXTENSION = octest;
			};
			name = Release;
		};
		C44F1BD71378EC47008BF6ED /* Debug */ = {
			isa = XCBuildConfiguration;
			buildSettings = {
				ALWAYS_SEARCH_USER_PATHS = NO;
				COPY_PHASE_STRIP = NO;
				GCC_DYNAMIC_NO_PIC = NO;
				GCC_ENABLE_OBJC_EXCEPTIONS = YES;
				GCC_PRECOMPILE_PREFIX_HEADER = YES;
				GCC_PREFIX_HEADER = "FJCodeBundle/FJCodeBundle-Prefix.pch";
				GCC_PREPROCESSOR_DEFINITIONS = DEBUG;
				GCC_WARN_64_TO_32_BIT_CONVERSION = YES;
				INFOPLIST_FILE = "FJCodeBundle/FJCodeBundle-Info.plist";
				INSTALL_PATH = "$(BUILT_PRODUCTS_DIR)";
				MACOSX_DEPLOYMENT_TARGET = 10.6;
				PRODUCT_NAME = "$(TARGET_NAME)";
				WRAPPER_EXTENSION = bundle;
			};
			name = Debug;
		};
		C44F1BD81378EC47008BF6ED /* Release */ = {
			isa = XCBuildConfiguration;
			buildSettings = {
				ALWAYS_SEARCH_USER_PATHS = NO;
				COPY_PHASE_STRIP = YES;
				DEBUG_INFORMATION_FORMAT = "dwarf-with-dsym";
				GCC_ENABLE_OBJC_EXCEPTIONS = YES;
				GCC_PRECOMPILE_PREFIX_HEADER = YES;
				GCC_PREFIX_HEADER = "FJCodeBundle/FJCodeBundle-Prefix.pch";
				GCC_WARN_64_TO_32_BIT_CONVERSION = YES;
				INFOPLIST_FILE = "FJCodeBundle/FJCodeBundle-Info.plist";
				INSTALL_PATH = "$(BUILT_PRODUCTS_DIR)";
				MACOSX_DEPLOYMENT_TARGET = 10.6;
				PRODUCT_NAME = "$(TARGET_NAME)";
				WRAPPER_EXTENSION = bundle;
			};
			name = Release;
		};
/* End XCBuildConfiguration section */

/* Begin XCConfigurationList section */
		C4474C541349A2060097BB67 /* Build configuration list for PBXProject "FJCode" */ = {
			isa = XCConfigurationList;
			buildConfigurations = (
				C4474C7B1349A2070097BB67 /* Debug */,
				C4474C7C1349A2070097BB67 /* Release */,
			);
			defaultConfigurationIsVisible = 0;
			defaultConfigurationName = Release;
		};
		C4474C7D1349A2070097BB67 /* Build configuration list for PBXNativeTarget "FJCode" */ = {
			isa = XCConfigurationList;
			buildConfigurations = (
				C4474C7E1349A2070097BB67 /* Debug */,
				C4474C7F1349A2070097BB67 /* Release */,
			);
			defaultConfigurationIsVisible = 0;
			defaultConfigurationName = Release;
		};
		C4474C801349A2070097BB67 /* Build configuration list for PBXNativeTarget "FJCodeTests" */ = {
			isa = XCConfigurationList;
			buildConfigurations = (
				C4474C811349A2070097BB67 /* Debug */,
				C4474C821349A2070097BB67 /* Release */,
			);
			defaultConfigurationIsVisible = 0;
			defaultConfigurationName = Release;
		};
		C44F1BD91378EC47008BF6ED /* Build configuration list for PBXNativeTarget "FJCodeResources" */ = {
			isa = XCConfigurationList;
			buildConfigurations = (
				C44F1BD71378EC47008BF6ED /* Debug */,
				C44F1BD81378EC47008BF6ED /* Release */,
			);
			defaultConfigurationIsVisible = 0;
			defaultConfigurationName = Release;
		};
/* End XCConfigurationList section */
	};
	rootObject = C4474C511349A2060097BB67 /* Project object */;
}
